{
  "lockfile_version": "1",
  "packages": {
    "azure-cli@2.64.0": {
      "last_modified": "2024-09-13T05:52:00Z",
      "resolved": "github:NixOS/nixpkgs/673d99f1406cb09b8eb6feab4743ebdf70046557#azure-cli",
      "source": "devbox-search",
      "version": "2.64.0",
      "systems": {
        "aarch64-darwin": {
          "outputs": [
            {
              "name": "out",
              "path": "/nix/store/v9cikhvlw3qqxbsgza9gzcwp1cc0bfw2-python3.12-azure-cli-2.64.0",
              "default": true
            },
            {
              "name": "dist",
              "path": "/nix/store/zg2l337k86174mi44c08i3dk43qp0cnl-python3.12-azure-cli-2.64.0-dist"
            }
          ],
          "store_path": "/nix/store/v9cikhvlw3qqxbsgza9gzcwp1cc0bfw2-python3.12-azure-cli-2.64.0"
        },
        "aarch64-linux": {
          "outputs": [
            {
              "name": "out",
              "path": "/nix/store/dwfh9pkl46vx2shw4q3s05v6f4zigwj4-python3.12-azure-cli-2.64.0",
              "default": true
            },
            {
              "name": "dist",
              "path": "/nix/store/03czlrzw2mi0aqggzwxwrdz8xihaxmbr-python3.12-azure-cli-2.64.0-dist"
            }
          ],
          "store_path": "/nix/store/dwfh9pkl46vx2shw4q3s05v6f4zigwj4-python3.12-azure-cli-2.64.0"
        },
        "x86_64-darwin": {
          "outputs": [
            {
              "name": "out",
              "path": "/nix/store/lhz9x46mi2vcgxnp2rcsqrqacaky0pw5-python3.12-azure-cli-2.64.0",
              "default": true
            },
            {
              "name": "dist",
              "path": "/nix/store/gpg1qv8f207hp684xhwnxdcga5slpzzf-python3.12-azure-cli-2.64.0-dist"
            }
          ],
          "store_path": "/nix/store/lhz9x46mi2vcgxnp2rcsqrqacaky0pw5-python3.12-azure-cli-2.64.0"
        },
        "x86_64-linux": {
          "outputs": [
            {
              "name": "out",
              "path": "/nix/store/wmr7zm2z4vg1x4nqgif4a306q2kiszl6-python3.12-azure-cli-2.64.0",
              "default": true
            },
            {
              "name": "dist",
              "path": "/nix/store/fzqpmz8hr52b37aldg354k79c0mjnx7n-python3.12-azure-cli-2.64.0-dist"
            }
          ],
          "store_path": "/nix/store/wmr7zm2z4vg1x4nqgif4a306q2kiszl6-python3.12-azure-cli-2.64.0"
        }
      }
    },
    "bat@0.24.0": {
      "last_modified": "2024-02-10T18:15:24Z",
      "resolved": "github:NixOS/nixpkgs/10b813040df67c4039086db0f6eaf65c536886c6#bat",
      "source": "devbox-search",
      "version": "0.24.0",
      "systems": {
        "aarch64-darwin": {
          "store_path": "/nix/store/672sg1rsaz8kkikc7p8gas4gvmscv69i-bat-0.24.0"
        },
        "aarch64-linux": {
          "store_path": "/nix/store/9hrf4qg72cqp3jvc1sqm30rr6hdrlj23-bat-0.24.0"
        },
        "x86_64-darwin": {
          "store_path": "/nix/store/0p1hnlqcc8hn8rqdq3d1xxghxb71w8kb-bat-0.24.0"
        },
        "x86_64-linux": {
          "store_path": "/nix/store/fgzf7h4agq237bjly536x81g3jnz1c9g-bat-0.24.0"
        }
      }
    },
    "crossplane-cli@1.18.2": {
      "last_modified": "2025-01-19T08:16:51Z",
      "resolved": "github:NixOS/nixpkgs/50165c4f7eb48ce82bd063e1fb8047a0f515f8ce#crossplane-cli",
      "source": "devbox-search",
      "version": "1.18.2",
      "systems": {
        "aarch64-darwin": {
          "outputs": [
            {
              "name": "out",
              "path": "/nix/store/9k4bqlgnf06iqka0fy58xh7blafps9px-crossplane-cli-1.18.2",
              "default": true
            }
          ],
          "store_path": "/nix/store/9k4bqlgnf06iqka0fy58xh7blafps9px-crossplane-cli-1.18.2"
        },
        "aarch64-linux": {
          "outputs": [
            {
              "name": "out",
              "path": "/nix/store/36035i2wvmplf3akfisrxxzrzbm25anh-crossplane-cli-1.18.2",
              "default": true
            }
          ],
          "store_path": "/nix/store/36035i2wvmplf3akfisrxxzrzbm25anh-crossplane-cli-1.18.2"
        },
        "x86_64-darwin": {
          "outputs": [
            {
              "name": "out",
              "path": "/nix/store/73aklwnb90nlc82x338qnmyiqvm67g9r-crossplane-cli-1.18.2",
              "default": true
            }
          ],
          "store_path": "/nix/store/73aklwnb90nlc82x338qnmyiqvm67g9r-crossplane-cli-1.18.2"
        },
        "x86_64-linux": {
          "outputs": [
            {
              "name": "out",
              "path": "/nix/store/prj59cmiq1683hpf26b12mxf1l5lgbh3-crossplane-cli-1.18.2",
              "default": true
            }
          ],
          "store_path": "/nix/store/prj59cmiq1683hpf26b12mxf1l5lgbh3-crossplane-cli-1.18.2"
        }
      }
    },
    "gh@2.66.1": {
      "last_modified": "2025-02-01T15:12:02Z",
      "resolved": "github:NixOS/nixpkgs/102a39bfee444533e6b4e8611d7e92aa39b7bec1#gh",
      "source": "devbox-search",
      "version": "2.66.1",
      "systems": {
        "aarch64-darwin": {
          "outputs": [
            {
              "name": "out",
              "path": "/nix/store/dvy3rk4jxx10ll5mhh0g8a260l2m1c1c-gh-2.66.1",
              "default": true
            }
          ],
          "store_path": "/nix/store/dvy3rk4jxx10ll5mhh0g8a260l2m1c1c-gh-2.66.1"
        },
        "aarch64-linux": {
          "outputs": [
            {
              "name": "out",
              "path": "/nix/store/k6dk8k0wi06k8wrphrkq8pypcql2jx9w-gh-2.66.1",
              "default": true
            }
          ],
          "store_path": "/nix/store/k6dk8k0wi06k8wrphrkq8pypcql2jx9w-gh-2.66.1"
        },
        "x86_64-darwin": {
          "outputs": [
            {
              "name": "out",
              "path": "/nix/store/yhlzsr96n9a5807r8glh89mj66dbk58z-gh-2.66.1",
              "default": true
            }
          ],
          "store_path": "/nix/store/yhlzsr96n9a5807r8glh89mj66dbk58z-gh-2.66.1"
        },
        "x86_64-linux": {
          "outputs": [
            {
              "name": "out",
              "path": "/nix/store/3laqs1ys46ryva9mcmk1q5yvn1k3xhyc-gh-2.66.1",
              "default": true
            }
          ],
          "store_path": "/nix/store/3laqs1ys46ryva9mcmk1q5yvn1k3xhyc-gh-2.66.1"
        }
      }
    },
    "go-task@3.41.0": {
      "last_modified": "2025-01-19T08:16:51Z",
      "resolved": "github:NixOS/nixpkgs/50165c4f7eb48ce82bd063e1fb8047a0f515f8ce#go-task",
      "source": "devbox-search",
      "version": "3.41.0",
      "systems": {
        "aarch64-darwin": {
          "outputs": [
            {
              "name": "out",
              "path": "/nix/store/v4vvksxrgyxdyhb1hvvap5sqp4ycl7xv-go-task-3.41.0",
              "default": true
            }
          ],
          "store_path": "/nix/store/v4vvksxrgyxdyhb1hvvap5sqp4ycl7xv-go-task-3.41.0"
        },
        "aarch64-linux": {
          "outputs": [
            {
              "name": "out",
              "path": "/nix/store/iq7vnz78z8ff1px700ra1j4iinfsvhjg-go-task-3.41.0",
              "default": true
            }
          ],
          "store_path": "/nix/store/iq7vnz78z8ff1px700ra1j4iinfsvhjg-go-task-3.41.0"
        },
        "x86_64-darwin": {
          "outputs": [
            {
              "name": "out",
              "path": "/nix/store/bf1zwbad0cqwhpcjylynpx18c8ylm6nx-go-task-3.41.0",
              "default": true
            }
          ],
          "store_path": "/nix/store/bf1zwbad0cqwhpcjylynpx18c8ylm6nx-go-task-3.41.0"
        },
        "x86_64-linux": {
          "outputs": [
            {
              "name": "out",
              "path": "/nix/store/cbz45j0wbsp929rd8381ifbiqxy7jp71-go-task-3.41.0",
              "default": true
            }
          ],
          "store_path": "/nix/store/cbz45j0wbsp929rd8381ifbiqxy7jp71-go-task-3.41.0"
        }
      }
    },
    "gum@0.14.0": {
      "last_modified": "2024-05-03T15:42:32Z",
      "resolved": "github:NixOS/nixpkgs/5fd8536a9a5932d4ae8de52b7dc08d92041237fc#gum",
      "source": "devbox-search",
      "version": "0.14.0",
      "systems": {
        "aarch64-darwin": {
          "outputs": [
            {
              "name": "out",
              "path": "/nix/store/k1n8m42jdvb3fmk0mngjbj11z8qrmfcx-gum-0.14.0",
              "default": true
            }
          ],
          "store_path": "/nix/store/k1n8m42jdvb3fmk0mngjbj11z8qrmfcx-gum-0.14.0"
        },
        "aarch64-linux": {
          "outputs": [
            {
              "name": "out",
              "path": "/nix/store/spknsw98bachz0z0063ns48f3fym8iip-gum-0.14.0",
              "default": true
            }
          ],
          "store_path": "/nix/store/spknsw98bachz0z0063ns48f3fym8iip-gum-0.14.0"
        },
        "x86_64-darwin": {
          "outputs": [
            {
              "name": "out",
              "path": "/nix/store/8ygksbkmxkr1c501lcngmlspq3gcywyk-gum-0.14.0",
              "default": true
            }
          ],
          "store_path": "/nix/store/8ygksbkmxkr1c501lcngmlspq3gcywyk-gum-0.14.0"
        },
        "x86_64-linux": {
          "outputs": [
            {
              "name": "out",
              "path": "/nix/store/w3k05bd4i2ss9jfgw5j6n8nf5iszr50f-gum-0.14.0",
              "default": true
            }
          ],
          "store_path": "/nix/store/w3k05bd4i2ss9jfgw5j6n8nf5iszr50f-gum-0.14.0"
        }
      }
    },
    "kcl@0.11.0": {
      "last_modified": "2025-01-04T17:00:17Z",
      "resolved": "github:NixOS/nixpkgs/a1945f760a8fe019a4d753808de424dcd4e5b3cf#kcl",
      "source": "devbox-search",
      "version": "0.11.0",
      "systems": {
        "aarch64-darwin": {
          "outputs": [
            {
              "name": "out",
              "path": "/nix/store/m52m2bkji0ripm7j83ns0fx0x2jxnsgz-kcl-0.11.0",
              "default": true
            }
          ],
          "store_path": "/nix/store/m52m2bkji0ripm7j83ns0fx0x2jxnsgz-kcl-0.11.0"
        },
        "aarch64-linux": {
          "outputs": [
            {
              "name": "out",
              "path": "/nix/store/v19a5997c7lg94gv43vlfpa4dm18h3si-kcl-0.11.0",
              "default": true
            }
          ],
          "store_path": "/nix/store/v19a5997c7lg94gv43vlfpa4dm18h3si-kcl-0.11.0"
        },
        "x86_64-darwin": {
          "outputs": [
            {
              "name": "out",
              "path": "/nix/store/9sfnibn12chzara8gz0x56sjdaa2k54r-kcl-0.11.0",
              "default": true
            }
          ],
          "store_path": "/nix/store/9sfnibn12chzara8gz0x56sjdaa2k54r-kcl-0.11.0"
        },
        "x86_64-linux": {
          "outputs": [
            {
              "name": "out",
              "path": "/nix/store/yydzqwq2xdr5ngx9r28c84nxq0z0jdki-kcl-0.11.0",
              "default": true
            }
          ],
          "store_path": "/nix/store/yydzqwq2xdr5ngx9r28c84nxq0z0jdki-kcl-0.11.0"
        }
      }
    },
    "kind@0.22.0": {
      "last_modified": "2024-02-17T16:08:43Z",
      "resolved": "github:NixOS/nixpkgs/52e1f314725b09b354336d17c7b8bd2442b7b8e4#kind",
      "source": "devbox-search",
      "version": "0.22.0",
      "systems": {
        "aarch64-darwin": {
          "store_path": "/nix/store/0ywagqpak13l3jdxcmvwwdqbg88dsg61-kind-0.22.0"
        },
        "aarch64-linux": {
          "store_path": "/nix/store/klkzwml5vgf0kcjxzzngjzsnwkcarvqi-kind-0.22.0"
        },
        "x86_64-darwin": {
          "store_path": "/nix/store/77qhlbb500z2rf3ffl5kfi1j12ik086b-kind-0.22.0"
        },
        "x86_64-linux": {
          "store_path": "/nix/store/gxwzy4gxhv14jw77bd51bs7raqaivvra-kind-0.22.0"
        }
      }
    },
    "kubectl@1.29.2": {
      "last_modified": "2024-02-16T04:19:51Z",
      "resolved": "github:NixOS/nixpkgs/5e55f0bb65124b05d0a52e164514c03596023634#kubectl",
      "source": "devbox-search",
      "version": "1.29.2",
      "systems": {
        "aarch64-darwin": {
          "store_path": "/nix/store/cgpr0l3xmldhnzrh850ckx8vb7shynlf-kubectl-1.29.2"
        },
        "aarch64-linux": {
          "store_path": "/nix/store/2lwyw6748w9cfb42i1gnri6dalgc3v1m-kubectl-1.29.2"
        },
        "x86_64-darwin": {
          "store_path": "/nix/store/340hrn8w6242c29p5pvf8j29pp5crpa9-kubectl-1.29.2"
        },
        "x86_64-linux": {
          "store_path": "/nix/store/rv3wg60j7m8c622d2xk44cxwpwdyr26z-kubectl-1.29.2"
        }
      }
    },
    "kubernetes-helm@3.17.0": {
      "last_modified": "2025-01-22T06:06:04Z",
      "resolved": "github:NixOS/nixpkgs/5757bbb8bd7c0630a0cc4bb19c47e588db30b97c#kubernetes-helm",
      "source": "devbox-search",
      "version": "3.17.0",
      "systems": {
        "aarch64-darwin": {
          "outputs": [
            {
              "name": "out",
              "path": "/nix/store/kqb20496bhsi6wlggidm645ncch8lzxw-kubernetes-helm-3.17.0",
              "default": true
            }
          ],
          "store_path": "/nix/store/kqb20496bhsi6wlggidm645ncch8lzxw-kubernetes-helm-3.17.0"
        },
        "aarch64-linux": {
          "outputs": [
            {
              "name": "out",
              "path": "/nix/store/d60427zv4gsskq2rsq6yfbzzwgr4xdz7-kubernetes-helm-3.17.0",
              "default": true
            }
          ],
          "store_path": "/nix/store/d60427zv4gsskq2rsq6yfbzzwgr4xdz7-kubernetes-helm-3.17.0"
        },
        "x86_64-darwin": {
          "outputs": [
            {
              "name": "out",
              "path": "/nix/store/zak1xp04pcfm0b9gaap9jxp4bq0lawxq-kubernetes-helm-3.17.0",
              "default": true
            }
          ],
          "store_path": "/nix/store/zak1xp04pcfm0b9gaap9jxp4bq0lawxq-kubernetes-helm-3.17.0"
        },
        "x86_64-linux": {
          "outputs": [
            {
              "name": "out",
              "path": "/nix/store/zidsngzm5lwyabaq9fy6m9h6sifk6pg8-kubernetes-helm-3.17.0",
              "default": true
            }
          ],
          "store_path": "/nix/store/zidsngzm5lwyabaq9fy6m9h6sifk6pg8-kubernetes-helm-3.17.0"
        }
      }
    },
    "kyverno-chainsaw@0.2.12": {
      "last_modified": "2025-01-19T08:16:51Z",
      "resolved": "github:NixOS/nixpkgs/50165c4f7eb48ce82bd063e1fb8047a0f515f8ce#kyverno-chainsaw",
      "source": "devbox-search",
      "version": "0.2.12",
      "systems": {
        "aarch64-darwin": {
          "outputs": [
            {
              "name": "out",
              "path": "/nix/store/v1vh5z91ypsyyb0abh5rqxd5hidhyj0f-kyverno-chainsaw-0.2.12",
              "default": true
            }
          ],
          "store_path": "/nix/store/v1vh5z91ypsyyb0abh5rqxd5hidhyj0f-kyverno-chainsaw-0.2.12"
        },
        "aarch64-linux": {
          "outputs": [
            {
              "name": "out",
              "path": "/nix/store/8jmh6faqwbx5g2wyj8czvl5n14gfpxx9-kyverno-chainsaw-0.2.12",
              "default": true
            }
          ],
          "store_path": "/nix/store/8jmh6faqwbx5g2wyj8czvl5n14gfpxx9-kyverno-chainsaw-0.2.12"
        },
        "x86_64-darwin": {
          "outputs": [
            {
              "name": "out",
              "path": "/nix/store/mfi7c8ky8kwy1pj37hpamkwr2m6px461-kyverno-chainsaw-0.2.12",
              "default": true
            }
          ],
          "store_path": "/nix/store/mfi7c8ky8kwy1pj37hpamkwr2m6px461-kyverno-chainsaw-0.2.12"
        },
        "x86_64-linux": {
          "outputs": [
            {
              "name": "out",
              "path": "/nix/store/q9znv398daff24b5hr7x5qgx9iyf6ip8-kyverno-chainsaw-0.2.12",
              "default": true
            }
          ],
          "store_path": "/nix/store/q9znv398daff24b5hr7x5qgx9iyf6ip8-kyverno-chainsaw-0.2.12"
        }
      }
    },
    "nushell@0.98.0": {
      "last_modified": "2024-09-20T05:11:28Z",
      "resolved": "github:NixOS/nixpkgs/79454ee9aacc9714653a4e7eb2a52b717728caff#nushell",
      "source": "devbox-search",
      "version": "0.98.0",
      "systems": {
        "aarch64-darwin": {
          "outputs": [
            {
              "name": "out",
              "path": "/nix/store/98iz9d4b3d9960amsjrd9hhg551g8zkd-nushell-0.98.0",
              "default": true
            }
          ],
          "store_path": "/nix/store/98iz9d4b3d9960amsjrd9hhg551g8zkd-nushell-0.98.0"
        },
        "aarch64-linux": {
          "outputs": [
            {
              "name": "out",
              "path": "/nix/store/lr1fllqlh3p3ksrinj5cagikfvm4c9x5-nushell-0.98.0",
              "default": true
            }
          ],
          "store_path": "/nix/store/lr1fllqlh3p3ksrinj5cagikfvm4c9x5-nushell-0.98.0"
        },
        "x86_64-darwin": {
          "outputs": [
            {
              "name": "out",
              "path": "/nix/store/zb5pab13n214fsq92i5c2fp95wdrldgp-nushell-0.98.0",
              "default": true
            }
          ],
          "store_path": "/nix/store/zb5pab13n214fsq92i5c2fp95wdrldgp-nushell-0.98.0"
        },
        "x86_64-linux": {
          "outputs": [
            {
              "name": "out",
              "path": "/nix/store/b4jwx295fqxg036jxb5bavvd4knikiix-nushell-0.98.0",
              "default": true
            }
          ],
          "store_path": "/nix/store/b4jwx295fqxg036jxb5bavvd4knikiix-nushell-0.98.0"
        }
      }
    },
    "teller@2.0.7": {
      "last_modified": "2024-09-12T11:58:09Z",
      "resolved": "github:NixOS/nixpkgs/280db3decab4cbeb22a4599bd472229ab74d25e1#teller",
      "source": "devbox-search",
      "version": "2.0.7",
      "systems": {
        "aarch64-darwin": {
          "outputs": [
            {
              "name": "out",
              "path": "/nix/store/ls269qpln16gfffw7i0lmsayv6x6ayrz-teller-2.0.7",
              "default": true
            }
          ],
          "store_path": "/nix/store/ls269qpln16gfffw7i0lmsayv6x6ayrz-teller-2.0.7"
        },
        "aarch64-linux": {
          "outputs": [
            {
              "name": "out",
              "path": "/nix/store/2qa7biqab4mzv9w46nmzsi0s0xg1fp96-teller-2.0.7",
              "default": true
            }
          ],
          "store_path": "/nix/store/2qa7biqab4mzv9w46nmzsi0s0xg1fp96-teller-2.0.7"
        },
        "x86_64-darwin": {
          "outputs": [
            {
              "name": "out",
              "path": "/nix/store/0c5qccip0drrpwxwhmwh40cmvqgjsbvm-teller-2.0.7",
              "default": true
            }
          ],
          "store_path": "/nix/store/0c5qccip0drrpwxwhmwh40cmvqgjsbvm-teller-2.0.7"
        },
        "x86_64-linux": {
          "outputs": [
            {
              "name": "out",
              "path": "/nix/store/6bc6sqm14xg4byfc2186wfc2gfnllf4f-teller-2.0.7",
              "default": true
            }
          ],
          "store_path": "/nix/store/6bc6sqm14xg4byfc2186wfc2gfnllf4f-teller-2.0.7"
        }
      }
    },
    "upbound@0.36.1": {
      "last_modified": "2024-12-23T21:10:33Z",
      "resolved": "github:NixOS/nixpkgs/de1864217bfa9b5845f465e771e0ecb48b30e02d#upbound",
      "source": "devbox-search",
      "version": "0.36.1",
      "systems": {
        "aarch64-darwin": {
          "outputs": [
            {
              "name": "out",
              "path": "/nix/store/dkcqai8qvv9jg294ldxjcc8y1zqnxm8m-upbound-0.36.1",
              "default": true
            }
          ],
          "store_path": "/nix/store/dkcqai8qvv9jg294ldxjcc8y1zqnxm8m-upbound-0.36.1"
        },
        "aarch64-linux": {
          "outputs": [
            {
              "name": "out",
              "path": "/nix/store/1b0k1bnkcp4jyznbdwa250m6l40rbc8d-upbound-0.36.1",
              "default": true
            }
          ],
          "store_path": "/nix/store/1b0k1bnkcp4jyznbdwa250m6l40rbc8d-upbound-0.36.1"
        },
        "x86_64-darwin": {
          "outputs": [
            {
              "name": "out",
              "path": "/nix/store/mc5kcv21l3q30r4flh2ciglrbwcb94d9-upbound-0.36.1",
              "default": true
            }
          ],
          "store_path": "/nix/store/mc5kcv21l3q30r4flh2ciglrbwcb94d9-upbound-0.36.1"
        },
        "x86_64-linux": {
          "outputs": [
            {
              "name": "out",
              "path": "/nix/store/g0zm24dajkm7j5s6yl0mkw98n8fdqfwx-upbound-0.36.1",
              "default": true
            }
          ],
          "store_path": "/nix/store/g0zm24dajkm7j5s6yl0mkw98n8fdqfwx-upbound-0.36.1"
        }
      }
    },
    "viddy@1.3.0": {
      "last_modified": "2025-01-19T08:16:51Z",
      "resolved": "github:NixOS/nixpkgs/50165c4f7eb48ce82bd063e1fb8047a0f515f8ce#viddy",
      "source": "devbox-search",
      "version": "1.3.0",
      "systems": {
        "aarch64-darwin": {
          "outputs": [
            {
              "name": "out",
              "path": "/nix/store/msw6ny1iz88bf3apcnwpfkbsrkyyblha-viddy-1.3.0",
              "default": true
            }
          ],
          "store_path": "/nix/store/msw6ny1iz88bf3apcnwpfkbsrkyyblha-viddy-1.3.0"
        },
        "aarch64-linux": {
          "outputs": [
            {
              "name": "out",
              "path": "/nix/store/iggzx515hpnr2ph5s9i23gvf4h7ryl41-viddy-1.3.0",
              "default": true
            }
          ],
          "store_path": "/nix/store/iggzx515hpnr2ph5s9i23gvf4h7ryl41-viddy-1.3.0"
        },
        "x86_64-darwin": {
          "outputs": [
            {
              "name": "out",
              "path": "/nix/store/w8bmbxadi4kqk1wwy7h8cmsnldf3qidw-viddy-1.3.0",
              "default": true
            }
          ],
          "store_path": "/nix/store/w8bmbxadi4kqk1wwy7h8cmsnldf3qidw-viddy-1.3.0"
        },
        "x86_64-linux": {
          "outputs": [
            {
              "name": "out",
              "path": "/nix/store/k4md2n7d220kb4ghajhhk0gbib4rz2a0-viddy-1.3.0",
              "default": true
            }
          ],
          "store_path": "/nix/store/k4md2n7d220kb4ghajhhk0gbib4rz2a0-viddy-1.3.0"
        }
      }
    },
    "watchexec@2.2.1": {
      "last_modified": "2024-12-23T21:10:33Z",
      "resolved": "github:NixOS/nixpkgs/de1864217bfa9b5845f465e771e0ecb48b30e02d#watchexec",
      "source": "devbox-search",
      "version": "2.2.1",
      "systems": {
        "aarch64-darwin": {
          "outputs": [
            {
              "name": "out",
              "path": "/nix/store/va984lpywi9dcnav47ka6h8k87rl4ljr-watchexec-2.2.1",
              "default": true
            }
          ],
          "store_path": "/nix/store/va984lpywi9dcnav47ka6h8k87rl4ljr-watchexec-2.2.1"
        },
        "aarch64-linux": {
          "outputs": [
            {
              "name": "out",
              "path": "/nix/store/wvw92xw658rblcjwamr7ka9fpfvrf9fi-watchexec-2.2.1",
              "default": true
            }
          ],
          "store_path": "/nix/store/wvw92xw658rblcjwamr7ka9fpfvrf9fi-watchexec-2.2.1"
        },
        "x86_64-darwin": {
          "outputs": [
            {
              "name": "out",
              "path": "/nix/store/c3hyr9wg8caxz4kjlhl43fbb030i26dg-watchexec-2.2.1",
              "default": true
            }
          ],
          "store_path": "/nix/store/c3hyr9wg8caxz4kjlhl43fbb030i26dg-watchexec-2.2.1"
        },
        "x86_64-linux": {
          "outputs": [
            {
              "name": "out",
              "path": "/nix/store/0gmzkwq7xybyii2y5gdfszkbrc2kcyaq-watchexec-2.2.1",
              "default": true
            }
          ],
          "store_path": "/nix/store/0gmzkwq7xybyii2y5gdfszkbrc2kcyaq-watchexec-2.2.1"
        }
      }
    },
    "yq-go@4.45.1": {
      "last_modified": "2025-01-19T08:16:51Z",
      "resolved": "github:NixOS/nixpkgs/50165c4f7eb48ce82bd063e1fb8047a0f515f8ce#yq-go",
      "source": "devbox-search",
      "version": "4.45.1",
      "systems": {
        "aarch64-darwin": {
          "outputs": [
            {
              "name": "out",
              "path": "/nix/store/2g34102lnfgsr7n2g2fm11r945lxmxgx-yq-go-4.45.1",
              "default": true
            }
          ],
          "store_path": "/nix/store/2g34102lnfgsr7n2g2fm11r945lxmxgx-yq-go-4.45.1"
        },
        "aarch64-linux": {
          "outputs": [
            {
              "name": "out",
              "path": "/nix/store/nsl4sm3zc4hl16l8zvcrnpw0kqkp21xh-yq-go-4.45.1",
              "default": true
            }
          ],
          "store_path": "/nix/store/nsl4sm3zc4hl16l8zvcrnpw0kqkp21xh-yq-go-4.45.1"
        },
        "x86_64-darwin": {
          "outputs": [
            {
              "name": "out",
              "path": "/nix/store/5v8g3w5ggravlps5qw49scidhk15dxgq-yq-go-4.45.1",
              "default": true
            }
          ],
          "store_path": "/nix/store/5v8g3w5ggravlps5qw49scidhk15dxgq-yq-go-4.45.1"
        },
        "x86_64-linux": {
          "outputs": [
            {
              "name": "out",
              "path": "/nix/store/0zcjg419anbc1g2ccry71k14wi4j8nsp-yq-go-4.45.1",
              "default": true
            }
          ],
          "store_path": "/nix/store/0zcjg419anbc1g2ccry71k14wi4j8nsp-yq-go-4.45.1"
        }
      }
    },
    "zellij@0.41.2": {
      "last_modified": "2025-01-19T08:16:51Z",
      "resolved": "github:NixOS/nixpkgs/50165c4f7eb48ce82bd063e1fb8047a0f515f8ce#zellij",
      "source": "devbox-search",
      "version": "0.41.2",
      "systems": {
        "aarch64-darwin": {
          "outputs": [
            {
              "name": "out",
              "path": "/nix/store/r38bwz4w295cqf71jdbnl7kliayj1zg7-zellij-0.41.2",
              "default": true
            }
          ],
          "store_path": "/nix/store/r38bwz4w295cqf71jdbnl7kliayj1zg7-zellij-0.41.2"
        },
        "aarch64-linux": {
          "outputs": [
            {
              "name": "out",
              "path": "/nix/store/rp8nsi2qms59ds97k45kjw9i5rmi2sxg-zellij-0.41.2",
              "default": true
            }
          ],
          "store_path": "/nix/store/rp8nsi2qms59ds97k45kjw9i5rmi2sxg-zellij-0.41.2"
        },
        "x86_64-darwin": {
          "outputs": [
            {
              "name": "out",
              "path": "/nix/store/8ci3yxzazh247b5vkg5zydpq74qqqsmv-zellij-0.41.2",
              "default": true
            }
          ],
          "store_path": "/nix/store/8ci3yxzazh247b5vkg5zydpq74qqqsmv-zellij-0.41.2"
        },
        "x86_64-linux": {
          "outputs": [
            {
              "name": "out",
              "path": "/nix/store/bcdisscr34pfpx5rvprnvlwlni26l0lm-zellij-0.41.2",
              "default": true
            }
          ],
          "store_path": "/nix/store/bcdisscr34pfpx5rvprnvlwlni26l0lm-zellij-0.41.2"
        }
      }
    }
  }
}
