{
  "lockfile_version": "1",
  "packages": {
    "awscli2@2.27.2": {
      "last_modified": "2025-05-06T08:06:31Z",
      "resolved": "github:NixOS/nixpkgs/1cb1c02a6b1b7cf67e3d7731cbbf327a53da9679#awscli2",
      "source": "devbox-search",
      "version": "2.27.2",
      "systems": {
        "aarch64-darwin": {
          "outputs": [
            {
              "name": "out",
              "path": "/nix/store/rkvabcgrxi338cy7j41j0vlz4fbw2zzl-awscli2-2.27.2",
              "default": true
            },
            {
              "name": "dist",
              "path": "/nix/store/h6ja06pxzlz24108mi2h7f4ja2ramnsa-awscli2-2.27.2-dist"
            }
          ],
          "store_path": "/nix/store/rkvabcgrxi338cy7j41j0vlz4fbw2zzl-awscli2-2.27.2"
        },
        "aarch64-linux": {
          "outputs": [
            {
              "name": "out",
              "path": "/nix/store/zn1g3i6sy98kay8r8ivhwgaaz8xf2gfh-awscli2-2.27.2",
              "default": true
            },
            {
              "name": "dist",
              "path": "/nix/store/ljbcfw83lqijfkvaqdl6bqsc7nqrl9px-awscli2-2.27.2-dist"
            }
          ],
          "store_path": "/nix/store/zn1g3i6sy98kay8r8ivhwgaaz8xf2gfh-awscli2-2.27.2"
        },
        "x86_64-darwin": {
          "outputs": [
            {
              "name": "out",
              "path": "/nix/store/h1viahm50a0aj1bkpp4klw4vk32i0i7x-awscli2-2.27.2",
              "default": true
            },
            {
              "name": "dist",
              "path": "/nix/store/795zgrffyj78ldixfqrdhx78697mlf6v-awscli2-2.27.2-dist"
            }
          ],
          "store_path": "/nix/store/h1viahm50a0aj1bkpp4klw4vk32i0i7x-awscli2-2.27.2"
        },
        "x86_64-linux": {
          "outputs": [
            {
              "name": "out",
              "path": "/nix/store/48gb87iri9spjgq072zsk5khq065ss84-awscli2-2.27.2",
              "default": true
            },
            {
              "name": "dist",
              "path": "/nix/store/n86davssz7df910sfhvxl624i69c0vxv-awscli2-2.27.2-dist"
            }
          ],
          "store_path": "/nix/store/48gb87iri9spjgq072zsk5khq065ss84-awscli2-2.27.2"
        }
      }
    },
    "azure-cli@2.73.0": {
      "last_modified": "2025-05-24T21:46:02Z",
      "resolved": "github:NixOS/nixpkgs/edb3633f9100d9277d1c9af245a4e9337a980c07#azure-cli",
      "source": "devbox-search",
      "version": "2.73.0",
      "systems": {
        "aarch64-darwin": {
          "outputs": [
            {
              "name": "out",
              "path": "/nix/store/7vac0yc0rgrsk81k201yy1kkbc933s91-python3.12-azure-cli-2.73.0",
              "default": true
            },
            {
              "name": "dist",
              "path": "/nix/store/626a4vlfzcdf138h4k3791pbh27gcm23-python3.12-azure-cli-2.73.0-dist"
            }
          ],
          "store_path": "/nix/store/7vac0yc0rgrsk81k201yy1kkbc933s91-python3.12-azure-cli-2.73.0"
        },
        "aarch64-linux": {
          "outputs": [
            {
              "name": "out",
              "path": "/nix/store/k3jcwhjdvfxb3ki1cknwgm17zj0rr5ix-python3.12-azure-cli-2.73.0",
              "default": true
            },
            {
              "name": "dist",
              "path": "/nix/store/2z9ldzr65ffs6rpqyrzykf7nxdil4293-python3.12-azure-cli-2.73.0-dist"
            }
          ],
          "store_path": "/nix/store/k3jcwhjdvfxb3ki1cknwgm17zj0rr5ix-python3.12-azure-cli-2.73.0"
        },
        "x86_64-darwin": {
          "outputs": [
            {
              "name": "out",
              "path": "/nix/store/75za29s4w38wq65g488wryh27j53v6s0-python3.12-azure-cli-2.73.0",
              "default": true
            },
            {
              "name": "dist",
              "path": "/nix/store/fxbv78jg3nj2bkp14nh5rvfx1jr7kw5g-python3.12-azure-cli-2.73.0-dist"
            }
          ],
          "store_path": "/nix/store/75za29s4w38wq65g488wryh27j53v6s0-python3.12-azure-cli-2.73.0"
        },
        "x86_64-linux": {
          "outputs": [
            {
              "name": "out",
              "path": "/nix/store/w3p3zzw9600wi72646wkhrgdzi071378-python3.12-azure-cli-2.73.0",
              "default": true
            },
            {
              "name": "dist",
              "path": "/nix/store/mir4aa9fqjl7gz173npw4a045imrmp8n-python3.12-azure-cli-2.73.0-dist"
            }
          ],
          "store_path": "/nix/store/w3p3zzw9600wi72646wkhrgdzi071378-python3.12-azure-cli-2.73.0"
        }
      }
    },
    "eksctl@0.209.0": {
      "last_modified": "2025-06-06T01:46:53Z",
      "resolved": "github:NixOS/nixpkgs/6ad174a6dc07c7742fc64005265addf87ad08615#eksctl",
      "source": "devbox-search",
      "version": "0.209.0",
      "systems": {
        "aarch64-darwin": {
          "outputs": [
            {
              "name": "out",
              "path": "/nix/store/lkp3mcjmp56blxjc9gi87vwpzsipz77k-eksctl-0.209.0",
              "default": true
            }
          ],
          "store_path": "/nix/store/lkp3mcjmp56blxjc9gi87vwpzsipz77k-eksctl-0.209.0"
        },
        "aarch64-linux": {
          "outputs": [
            {
              "name": "out",
              "path": "/nix/store/0mq6r6x9qrqsih6jw0ksa3fg73hznpym-eksctl-0.209.0",
              "default": true
            }
          ],
          "store_path": "/nix/store/0mq6r6x9qrqsih6jw0ksa3fg73hznpym-eksctl-0.209.0"
        },
        "x86_64-darwin": {
          "outputs": [
            {
              "name": "out",
              "path": "/nix/store/y8zlndnifi8x3v0hi2cfsbgfzbnj0yag-eksctl-0.209.0",
              "default": true
            }
          ],
          "store_path": "/nix/store/y8zlndnifi8x3v0hi2cfsbgfzbnj0yag-eksctl-0.209.0"
        },
        "x86_64-linux": {
          "outputs": [
            {
              "name": "out",
              "path": "/nix/store/wawzxwjy10si6dq57rhy0ybyjgfa2c77-eksctl-0.209.0",
              "default": true
            }
          ],
          "store_path": "/nix/store/wawzxwjy10si6dq57rhy0ybyjgfa2c77-eksctl-0.209.0"
        }
      }
    },
    "git@2.49.0": {
      "last_modified": "2025-05-06T08:06:31Z",
      "resolved": "github:NixOS/nixpkgs/1cb1c02a6b1b7cf67e3d7731cbbf327a53da9679#git",
      "source": "devbox-search",
      "version": "2.49.0",
      "systems": {
        "aarch64-darwin": {
          "outputs": [
            {
              "name": "out",
              "path": "/nix/store/s5b9rm8fjxggjak0yl2dkxzswfpzl8p8-git-2.49.0",
              "default": true
            },
            {
              "name": "doc",
              "path": "/nix/store/2hygrabh741w0ynwcb6gy2922cx4fnj3-git-2.49.0-doc"
            }
          ],
          "store_path": "/nix/store/s5b9rm8fjxggjak0yl2dkxzswfpzl8p8-git-2.49.0"
        },
        "aarch64-linux": {
          "outputs": [
            {
              "name": "out",
              "path": "/nix/store/rs24n34brzvcmgld6mgfg0dd7ynv26pp-git-2.49.0",
              "default": true
            },
            {
              "name": "debug",
              "path": "/nix/store/wgki5jsxgg6lxqh98jgbj9dnwv7f68cw-git-2.49.0-debug"
            },
            {
              "name": "doc",
              "path": "/nix/store/3h7fnw0qhy92c8iyrv2i64r6wywsnjsa-git-2.49.0-doc"
            }
          ],
          "store_path": "/nix/store/rs24n34brzvcmgld6mgfg0dd7ynv26pp-git-2.49.0"
        },
        "x86_64-darwin": {
          "outputs": [
            {
              "name": "out",
              "path": "/nix/store/0zv7h6mzrxk0sarvis22imr9nmnmqlpg-git-2.49.0",
              "default": true
            },
            {
              "name": "doc",
              "path": "/nix/store/yiy6g5pi9jvp2nzgd4ncfwbhs13nwwz1-git-2.49.0-doc"
            }
          ],
          "store_path": "/nix/store/0zv7h6mzrxk0sarvis22imr9nmnmqlpg-git-2.49.0"
        },
        "x86_64-linux": {
          "outputs": [
            {
              "name": "out",
              "path": "/nix/store/z8z1mhfnvw40dwljqazxv0343sv5ds2g-git-2.49.0",
              "default": true
            },
            {
              "name": "debug",
              "path": "/nix/store/w547h0xwq9489xnqg1ddqlh1v71xvng8-git-2.49.0-debug"
            },
            {
              "name": "doc",
              "path": "/nix/store/rjjf5h1qcwgdxs9w23h6p0bhavgaknyh-git-2.49.0-doc"
            }
          ],
          "store_path": "/nix/store/z8z1mhfnvw40dwljqazxv0343sv5ds2g-git-2.49.0"
        }
      }
    },
    "github:NixOS/nixpkgs/nixpkgs-unstable": {
      "resolved": "github:NixOS/nixpkgs/5d9b5431f967007b3952c057fc92af49a4c5f3b2?lastModified=1742169275&narHash=sha256-nkH2Edu9rClcsQp2PYBe8E6fp8LDPi2uDBQ6wyMdeXI%3D"
    },
    "jq@1.7.1": {
      "last_modified": "2025-04-12T23:59:46Z",
      "resolved": "github:NixOS/nixpkgs/f6db44a8daa59c40ae41ba6e5823ec77fe0d2124#jq",
      "source": "devbox-search",
      "version": "1.7.1",
      "systems": {
        "aarch64-darwin": {
          "outputs": [
            {
              "name": "bin",
              "path": "/nix/store/6njxc4ma96r9qc88scwsmnh64a086yrn-jq-1.7.1-bin",
              "default": true
            },
            {
              "name": "man",
              "path": "/nix/store/806zwhmy9qkp695x9y4c373fpcz8ql7i-jq-1.7.1-man",
              "default": true
            },
            {
              "name": "out",
              "path": "/nix/store/7h4z72g5bpfwcnmc0a77x3aqp8vg0h0f-jq-1.7.1"
            },
            {
              "name": "dev",
              "path": "/nix/store/haxb6i05p1ganzinkzk3xib7d8zg2zzd-jq-1.7.1-dev"
            },
            {
              "name": "doc",
              "path": "/nix/store/d1ij699i2mbwix1my3b8k7ckfykhrp1m-jq-1.7.1-doc"
            }
          ],
          "store_path": "/nix/store/6njxc4ma96r9qc88scwsmnh64a086yrn-jq-1.7.1-bin"
        },
        "aarch64-linux": {
          "outputs": [
            {
              "name": "bin",
              "path": "/nix/store/xv6l5qpmjm1cm1v519d3zzx72givc912-jq-1.7.1-bin",
              "default": true
            },
            {
              "name": "man",
              "path": "/nix/store/pbq5gvwvgbfx0njjvx7zaijhn9jxgv9j-jq-1.7.1-man",
              "default": true
            },
            {
              "name": "out",
              "path": "/nix/store/dr03sim3pqyxh2aakwzmp19l54alic6c-jq-1.7.1"
            },
            {
              "name": "dev",
              "path": "/nix/store/79rh194hlm4y033ry74mhm5c1gzhicxh-jq-1.7.1-dev"
            },
            {
              "name": "doc",
              "path": "/nix/store/58k6ajhi376snpa2qx9nmismqwr23fi6-jq-1.7.1-doc"
            }
          ],
          "store_path": "/nix/store/xv6l5qpmjm1cm1v519d3zzx72givc912-jq-1.7.1-bin"
        },
        "x86_64-darwin": {
          "outputs": [
            {
              "name": "bin",
              "path": "/nix/store/8xh7an43y0xkawgf0pb7mxvcr20l17qh-jq-1.7.1-bin",
              "default": true
            },
            {
              "name": "man",
              "path": "/nix/store/72iz7d48dslq7dlba92f72gcqiwy1bnv-jq-1.7.1-man",
              "default": true
            },
            {
              "name": "out",
              "path": "/nix/store/yv3i7vxi014xhly4dv8lkgh05p2n5wsy-jq-1.7.1"
            },
            {
              "name": "dev",
              "path": "/nix/store/x1rvxbvad0bkmrb849likb36kp44p6k3-jq-1.7.1-dev"
            },
            {
              "name": "doc",
              "path": "/nix/store/y7riwf6jr799jvd9v8aj5626ix6w4s6v-jq-1.7.1-doc"
            }
          ],
          "store_path": "/nix/store/8xh7an43y0xkawgf0pb7mxvcr20l17qh-jq-1.7.1-bin"
        },
        "x86_64-linux": {
          "outputs": [
            {
              "name": "bin",
              "path": "/nix/store/gpxsdrrd4x93fs75395vr2dfys1ki9mq-jq-1.7.1-bin",
              "default": true
            },
            {
              "name": "man",
              "path": "/nix/store/0h33kdarki6bp6pwf7xc5rzjnx8ky4j4-jq-1.7.1-man",
              "default": true
            },
            {
              "name": "out",
              "path": "/nix/store/ma6hybrgazb471pd53mwnvh1vsv87cxb-jq-1.7.1"
            },
            {
              "name": "dev",
              "path": "/nix/store/ld8ys81ch5fj94j0jrwbkgwwjxmbwdxh-jq-1.7.1-dev"
            },
            {
              "name": "doc",
              "path": "/nix/store/nhg3x57268kb3q1021w3m002xxqpj50w-jq-1.7.1-doc"
            }
          ],
          "store_path": "/nix/store/gpxsdrrd4x93fs75395vr2dfys1ki9mq-jq-1.7.1-bin"
        }
      }
    },
    "kcl@0.11.2": {
      "last_modified": "2025-05-22T13:30:28Z",
      "resolved": "github:NixOS/nixpkgs/e314d5c6d3b3a0f40ec5bcbc007b0cbe412f48ae#kcl",
      "source": "devbox-search",
      "version": "0.11.2",
      "systems": {
        "aarch64-darwin": {
          "outputs": [
            {
              "name": "out",
              "path": "/nix/store/4zmmzpy7ysvrvgjsx8isfzzqjysyj19i-kcl-0.11.2",
              "default": true
            }
          ],
          "store_path": "/nix/store/4zmmzpy7ysvrvgjsx8isfzzqjysyj19i-kcl-0.11.2"
        },
        "aarch64-linux": {
          "outputs": [
            {
              "name": "out",
              "path": "/nix/store/kjca2bmxq48scqna362c24w6d6sb1pyd-kcl-0.11.2",
              "default": true
            }
          ],
          "store_path": "/nix/store/kjca2bmxq48scqna362c24w6d6sb1pyd-kcl-0.11.2"
        },
        "x86_64-darwin": {
          "outputs": [
            {
              "name": "out",
              "path": "/nix/store/gziv16r2clcy3pfqscrbbhl3mc33vw8n-kcl-0.11.2",
              "default": true
            }
          ],
          "store_path": "/nix/store/gziv16r2clcy3pfqscrbbhl3mc33vw8n-kcl-0.11.2"
        },
        "x86_64-linux": {
          "outputs": [
            {
              "name": "out",
              "path": "/nix/store/ccllmlbsk0ak5br2vs1i9sf36lql7ac4-kcl-0.11.2",
              "default": true
            }
          ],
          "store_path": "/nix/store/ccllmlbsk0ak5br2vs1i9sf36lql7ac4-kcl-0.11.2"
        }
      }
    },
    "kind@0.29.0": {
      "last_modified": "2025-06-12T07:29:08Z",
      "resolved": "github:NixOS/nixpkgs/d202f48f1249f013aa2660c6733e251c85712cbe#kind",
      "source": "devbox-search",
      "version": "0.29.0",
      "systems": {
        "aarch64-darwin": {
          "outputs": [
            {
              "name": "out",
              "path": "/nix/store/81jc2zsdv4zhdniyyggpxm56lpl88cxb-kind-0.29.0",
              "default": true
            }
          ],
          "store_path": "/nix/store/81jc2zsdv4zhdniyyggpxm56lpl88cxb-kind-0.29.0"
        },
        "aarch64-linux": {
          "outputs": [
            {
              "name": "out",
              "path": "/nix/store/dwzvvmcignd20dg6kgizzn71vkj9la91-kind-0.29.0",
              "default": true
            }
          ],
          "store_path": "/nix/store/dwzvvmcignd20dg6kgizzn71vkj9la91-kind-0.29.0"
        },
        "x86_64-darwin": {
          "outputs": [
            {
              "name": "out",
              "path": "/nix/store/shydfb0h27gbdrmwhjbfg354xc22vxg2-kind-0.29.0",
              "default": true
            }
          ],
          "store_path": "/nix/store/shydfb0h27gbdrmwhjbfg354xc22vxg2-kind-0.29.0"
        },
        "x86_64-linux": {
          "outputs": [
            {
              "name": "out",
              "path": "/nix/store/52vfnn1wcqn3d5jzrqvcd6yzp3i1gw2m-kind-0.29.0",
              "default": true
            }
          ],
          "store_path": "/nix/store/52vfnn1wcqn3d5jzrqvcd6yzp3i1gw2m-kind-0.29.0"
        }
      }
    },
    "kubectl-tree@0.4.3": {
      "last_modified": "2025-02-23T09:42:26Z",
      "resolved": "github:NixOS/nixpkgs/2d068ae5c6516b2d04562de50a58c682540de9bf#kubectl-tree",
      "source": "devbox-search",
      "version": "0.4.3",
      "systems": {
        "aarch64-darwin": {
          "outputs": [
            {
              "name": "out",
              "path": "/nix/store/b1jvgafrc8az3v91wa016bkgqdnpb4d6-kubectl-tree-0.4.3",
              "default": true
            }
          ],
          "store_path": "/nix/store/b1jvgafrc8az3v91wa016bkgqdnpb4d6-kubectl-tree-0.4.3"
        },
        "aarch64-linux": {
          "outputs": [
            {
              "name": "out",
              "path": "/nix/store/hzvclc32n0ahvay70xjcx218rdcmcpc5-kubectl-tree-0.4.3",
              "default": true
            }
          ],
          "store_path": "/nix/store/hzvclc32n0ahvay70xjcx218rdcmcpc5-kubectl-tree-0.4.3"
        },
        "x86_64-darwin": {
          "outputs": [
            {
              "name": "out",
              "path": "/nix/store/qp8nj7hgjfcfjac97lhabvk3cbz6a3mx-kubectl-tree-0.4.3",
              "default": true
            }
          ],
          "store_path": "/nix/store/qp8nj7hgjfcfjac97lhabvk3cbz6a3mx-kubectl-tree-0.4.3"
        },
        "x86_64-linux": {
          "outputs": [
            {
              "name": "out",
              "path": "/nix/store/m0pbc6gw4zdxg8cnwyiylfz21ijkbqwr-kubectl-tree-0.4.3",
              "default": true
            }
          ],
          "store_path": "/nix/store/m0pbc6gw4zdxg8cnwyiylfz21ijkbqwr-kubectl-tree-0.4.3"
        }
      }
    },
    "kubectl@1.33.1": {
      "last_modified": "2025-05-24T21:46:02Z",
      "resolved": "github:NixOS/nixpkgs/edb3633f9100d9277d1c9af245a4e9337a980c07#kubectl",
      "source": "devbox-search",
      "version": "1.33.1",
      "systems": {
        "aarch64-darwin": {
          "outputs": [
            {
              "name": "out",
              "path": "/nix/store/vcq5gsn9rp26xbz14b5b2fd8map8qnvj-kubectl-1.33.1",
              "default": true
            },
            {
              "name": "man",
              "path": "/nix/store/20v8bx884m4i34zdkksdq5qpkm966m65-kubectl-1.33.1-man",
              "default": true
            },
            {
              "name": "convert",
              "path": "/nix/store/cjm9i86w7is18g3cpsgfc0c3jmsnp0s8-kubectl-1.33.1-convert"
            }
          ],
          "store_path": "/nix/store/vcq5gsn9rp26xbz14b5b2fd8map8qnvj-kubectl-1.33.1"
        },
        "aarch64-linux": {
          "outputs": [
            {
              "name": "out",
              "path": "/nix/store/m8406nxn25y7a80jxq6mdk70p1xl8xrc-kubectl-1.33.1",
              "default": true
            },
            {
              "name": "man",
              "path": "/nix/store/gy8hdpwiqcy35zp0a9imbv4fqqy3cwn8-kubectl-1.33.1-man",
              "default": true
            },
            {
              "name": "convert",
              "path": "/nix/store/kh7b55lvpwfrdfbq3qrzcj9qjanfqn7c-kubectl-1.33.1-convert"
            }
          ],
          "store_path": "/nix/store/m8406nxn25y7a80jxq6mdk70p1xl8xrc-kubectl-1.33.1"
        },
        "x86_64-darwin": {
          "outputs": [
            {
              "name": "out",
              "path": "/nix/store/g8r4y54jpdyrvnrbhqyg60sr1wpqx0ff-kubectl-1.33.1",
              "default": true
            },
            {
              "name": "man",
              "path": "/nix/store/0n7ik9w8sjrhanv7yb1ijhwyawx7xcz2-kubectl-1.33.1-man",
              "default": true
            },
            {
              "name": "convert",
              "path": "/nix/store/fdpw2205wf6qq7h271nzbhxdmx561vq0-kubectl-1.33.1-convert"
            }
          ],
          "store_path": "/nix/store/g8r4y54jpdyrvnrbhqyg60sr1wpqx0ff-kubectl-1.33.1"
        },
        "x86_64-linux": {
          "outputs": [
            {
              "name": "out",
              "path": "/nix/store/lrfm3r4z5iqyn5fqf085bdyp7b5ghhdr-kubectl-1.33.1",
              "default": true
            },
            {
              "name": "man",
              "path": "/nix/store/hhank6pxbzwzm6b6gphpc1rj2jjdpmmk-kubectl-1.33.1-man",
              "default": true
            },
            {
              "name": "convert",
              "path": "/nix/store/yqlm8fmchxsxzica482r16sfm8x84hck-kubectl-1.33.1-convert"
            }
          ],
          "store_path": "/nix/store/lrfm3r4z5iqyn5fqf085bdyp7b5ghhdr-kubectl-1.33.1"
        }
      }
    },
    "kubernetes-helm@3.18.2": {
      "last_modified": "2025-06-12T07:29:08Z",
      "resolved": "github:NixOS/nixpkgs/d202f48f1249f013aa2660c6733e251c85712cbe#kubernetes-helm",
      "source": "devbox-search",
      "version": "3.18.2",
      "systems": {
        "aarch64-darwin": {
          "outputs": [
            {
              "name": "out",
              "path": "/nix/store/jlp184pfj4sr13bynvhh2xdr2kcqki6s-kubernetes-helm-3.18.2",
              "default": true
            }
          ],
          "store_path": "/nix/store/jlp184pfj4sr13bynvhh2xdr2kcqki6s-kubernetes-helm-3.18.2"
        },
        "aarch64-linux": {
          "outputs": [
            {
              "name": "out",
              "path": "/nix/store/iyc7rs8vwp0dgjsjbkln1aa32gfls80l-kubernetes-helm-3.18.2",
              "default": true
            }
          ],
          "store_path": "/nix/store/iyc7rs8vwp0dgjsjbkln1aa32gfls80l-kubernetes-helm-3.18.2"
        },
        "x86_64-darwin": {
          "outputs": [
            {
              "name": "out",
              "path": "/nix/store/hxwfq2n2shcwvg0mz967d12clys1i2hd-kubernetes-helm-3.18.2",
              "default": true
            }
          ],
          "store_path": "/nix/store/hxwfq2n2shcwvg0mz967d12clys1i2hd-kubernetes-helm-3.18.2"
        },
        "x86_64-linux": {
          "outputs": [
            {
              "name": "out",
              "path": "/nix/store/i7ak9gjj38s29k5lxjnak735713caf6f-kubernetes-helm-3.18.2",
              "default": true
            }
          ],
          "store_path": "/nix/store/i7ak9gjj38s29k5lxjnak735713caf6f-kubernetes-helm-3.18.2"
        }
      }
    },
    "kyverno-chainsaw@0.2.12": {
      "last_modified": "2025-02-23T09:42:26Z",
      "resolved": "github:NixOS/nixpkgs/2d068ae5c6516b2d04562de50a58c682540de9bf#kyverno-chainsaw",
      "source": "devbox-search",
      "version": "0.2.12",
      "systems": {
        "aarch64-darwin": {
          "outputs": [
            {
              "name": "out",
              "path": "/nix/store/xq8y9rk2mv3g0bh5j12v5qwwavc60cbq-kyverno-chainsaw-0.2.12",
              "default": true
            }
          ],
          "store_path": "/nix/store/xq8y9rk2mv3g0bh5j12v5qwwavc60cbq-kyverno-chainsaw-0.2.12"
        },
        "aarch64-linux": {
          "outputs": [
            {
              "name": "out",
              "path": "/nix/store/awgv9ca78l625y31gm5jib535dkg6lv6-kyverno-chainsaw-0.2.12",
              "default": true
            }
          ],
          "store_path": "/nix/store/awgv9ca78l625y31gm5jib535dkg6lv6-kyverno-chainsaw-0.2.12"
        },
        "x86_64-darwin": {
          "outputs": [
            {
              "name": "out",
              "path": "/nix/store/i6s9gmqrfyp4mnn6qqwchh9lk832xf3b-kyverno-chainsaw-0.2.12",
              "default": true
            }
          ],
          "store_path": "/nix/store/i6s9gmqrfyp4mnn6qqwchh9lk832xf3b-kyverno-chainsaw-0.2.12"
        },
        "x86_64-linux": {
          "outputs": [
            {
              "name": "out",
              "path": "/nix/store/7fhp7vnvchql72za4vz40cz0a53zcz75-kyverno-chainsaw-0.2.12",
              "default": true
            }
          ],
          "store_path": "/nix/store/7fhp7vnvchql72za4vz40cz0a53zcz75-kyverno-chainsaw-0.2.12"
        }
      }
    },
    "nushell@0.104.0": {
      "last_modified": "2025-05-06T08:06:31Z",
      "resolved": "github:NixOS/nixpkgs/1cb1c02a6b1b7cf67e3d7731cbbf327a53da9679#nushell",
      "source": "devbox-search",
      "version": "0.104.0",
      "systems": {
        "aarch64-darwin": {
          "outputs": [
            {
              "name": "out",
              "path": "/nix/store/07m132l9qj6mnl8f5hdjqbc5ywhvfv3f-nushell-0.104.0",
              "default": true
            }
          ],
          "store_path": "/nix/store/07m132l9qj6mnl8f5hdjqbc5ywhvfv3f-nushell-0.104.0"
        },
        "aarch64-linux": {
          "outputs": [
            {
              "name": "out",
              "path": "/nix/store/ysm18d7xk7w466h3vz0mvyrlwbamkir6-nushell-0.104.0",
              "default": true
            }
          ],
          "store_path": "/nix/store/ysm18d7xk7w466h3vz0mvyrlwbamkir6-nushell-0.104.0"
        },
        "x86_64-darwin": {
          "outputs": [
            {
              "name": "out",
              "path": "/nix/store/391ra8g300hbqclr8rvpdyy12xff62jc-nushell-0.104.0",
              "default": true
            }
          ],
          "store_path": "/nix/store/391ra8g300hbqclr8rvpdyy12xff62jc-nushell-0.104.0"
        },
        "x86_64-linux": {
          "outputs": [
            {
              "name": "out",
              "path": "/nix/store/wn3ramvks8ixi6lbzjyiidh6bw21n1ip-nushell-0.104.0",
              "default": true
            }
          ],
          "store_path": "/nix/store/wn3ramvks8ixi6lbzjyiidh6bw21n1ip-nushell-0.104.0"
        }
      }
    },
    "ripgrep@14.1.1": {
      "last_modified": "2025-03-11T17:52:14Z",
      "resolved": "github:NixOS/nixpkgs/0d534853a55b5d02a4ababa1d71921ce8f0aee4c#ripgrep",
      "source": "devbox-search",
      "version": "14.1.1",
      "systems": {
        "aarch64-darwin": {
          "outputs": [
            {
              "name": "out",
              "path": "/nix/store/8jp8ck4gl2gcnl84bm9kjl4fakpdkk7z-ripgrep-14.1.1",
              "default": true
            }
          ],
          "store_path": "/nix/store/8jp8ck4gl2gcnl84bm9kjl4fakpdkk7z-ripgrep-14.1.1"
        },
        "aarch64-linux": {
          "outputs": [
            {
              "name": "out",
              "path": "/nix/store/w01qdshvhg0mhwfdlfb43w8qbi13x4rd-ripgrep-14.1.1",
              "default": true
            }
          ],
          "store_path": "/nix/store/w01qdshvhg0mhwfdlfb43w8qbi13x4rd-ripgrep-14.1.1"
        },
        "x86_64-darwin": {
          "outputs": [
            {
              "name": "out",
              "path": "/nix/store/38dfkpikydr5yai23ns7j1c07k42ddkf-ripgrep-14.1.1",
              "default": true
            }
          ],
          "store_path": "/nix/store/38dfkpikydr5yai23ns7j1c07k42ddkf-ripgrep-14.1.1"
        },
        "x86_64-linux": {
          "outputs": [
            {
              "name": "out",
              "path": "/nix/store/3mlj8k3yn1nmc6qa0snnqmjxqvfd467n-ripgrep-14.1.1",
              "default": true
            }
          ],
          "store_path": "/nix/store/3mlj8k3yn1nmc6qa0snnqmjxqvfd467n-ripgrep-14.1.1"
        }
      }
    },
    "teller@2.0.7": {
      "last_modified": "2025-03-03T13:00:40Z",
      "resolved": "github:NixOS/nixpkgs/95eacfb6d1accf8d59a9e570d26d04ad693d2ec3#teller",
      "source": "devbox-search",
      "version": "2.0.7",
      "systems": {
        "aarch64-darwin": {
          "outputs": [
            {
              "name": "out",
              "path": "/nix/store/z3wx9vwzjvbhy8dqp6b35qnl7rkml60w-teller-2.0.7",
              "default": true
            }
          ],
          "store_path": "/nix/store/z3wx9vwzjvbhy8dqp6b35qnl7rkml60w-teller-2.0.7"
        },
        "aarch64-linux": {
          "outputs": [
            {
              "name": "out",
              "path": "/nix/store/dznh4xq7xipf4l53g3k05smbryhnvbql-teller-2.0.7",
              "default": true
            }
          ],
          "store_path": "/nix/store/dznh4xq7xipf4l53g3k05smbryhnvbql-teller-2.0.7"
        },
        "x86_64-darwin": {
          "outputs": [
            {
              "name": "out",
              "path": "/nix/store/wvgn1025ypdxn0j0c48kl00msvp08j31-teller-2.0.7",
              "default": true
            }
          ],
          "store_path": "/nix/store/wvgn1025ypdxn0j0c48kl00msvp08j31-teller-2.0.7"
        },
        "x86_64-linux": {
          "outputs": [
            {
              "name": "out",
              "path": "/nix/store/9ssz9ywlwr182cf2x5sa2kicjsrgq7nw-teller-2.0.7",
              "default": true
            }
          ],
          "store_path": "/nix/store/9ssz9ywlwr182cf2x5sa2kicjsrgq7nw-teller-2.0.7"
        }
      }
    },
    "upcloud-cli@3.15.0": {
      "last_modified": "2025-03-11T17:52:14Z",
      "resolved": "github:NixOS/nixpkgs/0d534853a55b5d02a4ababa1d71921ce8f0aee4c#upcloud-cli",
      "source": "devbox-search",
      "version": "3.15.0",
      "systems": {
        "aarch64-darwin": {
          "outputs": [
            {
              "name": "out",
              "path": "/nix/store/7cdx19gs8c7pp6wb43qm3plg13kmijqv-upcloud-cli-3.15.0",
              "default": true
            }
          ],
          "store_path": "/nix/store/7cdx19gs8c7pp6wb43qm3plg13kmijqv-upcloud-cli-3.15.0"
        },
        "aarch64-linux": {
          "outputs": [
            {
              "name": "out",
              "path": "/nix/store/pkjs1lbmg34wf15scm3qwwlhpnr6nqja-upcloud-cli-3.15.0",
              "default": true
            }
          ],
          "store_path": "/nix/store/pkjs1lbmg34wf15scm3qwwlhpnr6nqja-upcloud-cli-3.15.0"
        },
        "x86_64-darwin": {
          "outputs": [
            {
              "name": "out",
              "path": "/nix/store/rymiv2w5vdfrsrx8pq5p24d4dwg6j47n-upcloud-cli-3.15.0",
              "default": true
            }
          ],
          "store_path": "/nix/store/rymiv2w5vdfrsrx8pq5p24d4dwg6j47n-upcloud-cli-3.15.0"
        },
        "x86_64-linux": {
          "outputs": [
            {
              "name": "out",
              "path": "/nix/store/6xpyii6sv8frhwmfz1r2wk2f9pffmjxk-upcloud-cli-3.15.0",
              "default": true
            }
          ],
          "store_path": "/nix/store/6xpyii6sv8frhwmfz1r2wk2f9pffmjxk-upcloud-cli-3.15.0"
        }
      }
    },
    "viddy@1.3.0": {
      "last_modified": "2025-03-11T17:52:14Z",
      "resolved": "github:NixOS/nixpkgs/0d534853a55b5d02a4ababa1d71921ce8f0aee4c#viddy",
      "source": "devbox-search",
      "version": "1.3.0",
      "systems": {
        "aarch64-darwin": {
          "outputs": [
            {
              "name": "out",
              "path": "/nix/store/nyp0c9006schk07pz15j9p9zrrinzr5i-viddy-1.3.0",
              "default": true
            }
          ],
          "store_path": "/nix/store/nyp0c9006schk07pz15j9p9zrrinzr5i-viddy-1.3.0"
        },
        "aarch64-linux": {
          "outputs": [
            {
              "name": "out",
              "path": "/nix/store/35mbdww7xfjk2vimjk9zrvhr2b99801r-viddy-1.3.0",
              "default": true
            }
          ],
          "store_path": "/nix/store/35mbdww7xfjk2vimjk9zrvhr2b99801r-viddy-1.3.0"
        },
        "x86_64-darwin": {
          "outputs": [
            {
              "name": "out",
              "path": "/nix/store/hdm0lmxq1jrhifb72shn9kxipl59mq7z-viddy-1.3.0",
              "default": true
            }
          ],
          "store_path": "/nix/store/hdm0lmxq1jrhifb72shn9kxipl59mq7z-viddy-1.3.0"
        },
        "x86_64-linux": {
          "outputs": [
            {
              "name": "out",
              "path": "/nix/store/zb3yflig1qirykjf9901589hhh3r22lw-viddy-1.3.0",
              "default": true
            }
          ],
          "store_path": "/nix/store/zb3yflig1qirykjf9901589hhh3r22lw-viddy-1.3.0"
        }
      }
    },
    "watchexec@2.3.1": {
      "last_modified": "2025-05-16T20:19:48Z",
      "resolved": "github:NixOS/nixpkgs/12a55407652e04dcf2309436eb06fef0d3713ef3#watchexec",
      "source": "devbox-search",
      "version": "2.3.1",
      "systems": {
        "aarch64-darwin": {
          "outputs": [
            {
              "name": "out",
              "path": "/nix/store/jnym7b7mkqp954axgpr5nq1lgs0pqjak-watchexec-2.3.1",
              "default": true
            }
          ],
          "store_path": "/nix/store/jnym7b7mkqp954axgpr5nq1lgs0pqjak-watchexec-2.3.1"
        },
        "aarch64-linux": {
          "outputs": [
            {
              "name": "out",
              "path": "/nix/store/y7qxvpimc2yb9iv7mxfnw68yzrnbsjff-watchexec-2.3.1",
              "default": true
            }
          ],
          "store_path": "/nix/store/y7qxvpimc2yb9iv7mxfnw68yzrnbsjff-watchexec-2.3.1"
        },
        "x86_64-darwin": {
          "outputs": [
            {
              "name": "out",
              "path": "/nix/store/y7ijz67ibp25zs108slscdlaqgqg02fc-watchexec-2.3.1",
              "default": true
            }
          ],
          "store_path": "/nix/store/y7ijz67ibp25zs108slscdlaqgqg02fc-watchexec-2.3.1"
        },
        "x86_64-linux": {
          "outputs": [
            {
              "name": "out",
              "path": "/nix/store/mf5w61chzs3s4nhgsqpnq1kfhnmv8wx8-watchexec-2.3.1",
              "default": true
            }
          ],
          "store_path": "/nix/store/mf5w61chzs3s4nhgsqpnq1kfhnmv8wx8-watchexec-2.3.1"
        }
      }
    },
    "yq-go@4.45.4": {
      "last_modified": "2025-05-12T14:38:58Z",
      "resolved": "github:NixOS/nixpkgs/eaeed9530c76ce5f1d2d8232e08bec5e26f18ec1#yq-go",
      "source": "devbox-search",
      "version": "4.45.4",
      "systems": {
        "aarch64-darwin": {
          "outputs": [
            {
              "name": "out",
              "path": "/nix/store/s0ppcxvbfaykxa04b76rfrrysj68h0sn-yq-go-4.45.4",
              "default": true
            }
          ],
          "store_path": "/nix/store/s0ppcxvbfaykxa04b76rfrrysj68h0sn-yq-go-4.45.4"
        },
        "aarch64-linux": {
          "outputs": [
            {
              "name": "out",
              "path": "/nix/store/p79v0jc8q5mj787z86xfnm37b89fph7b-yq-go-4.45.4",
              "default": true
            }
          ],
          "store_path": "/nix/store/p79v0jc8q5mj787z86xfnm37b89fph7b-yq-go-4.45.4"
        },
        "x86_64-darwin": {
          "outputs": [
            {
              "name": "out",
              "path": "/nix/store/6a873paiqhqyn7nl9fkj71r9akq48jrd-yq-go-4.45.4",
              "default": true
            }
          ],
          "store_path": "/nix/store/6a873paiqhqyn7nl9fkj71r9akq48jrd-yq-go-4.45.4"
        },
        "x86_64-linux": {
          "outputs": [
            {
              "name": "out",
              "path": "/nix/store/xv6i1rshlw2841bysp3n8r9yd13kyk3l-yq-go-4.45.4",
              "default": true
            }
          ],
          "store_path": "/nix/store/xv6i1rshlw2841bysp3n8r9yd13kyk3l-yq-go-4.45.4"
        }
      }
    }
  }
}
