{
  "lockfile_version": "1",
  "packages": {
    "awscli2@2.31.11": {
      "last_modified": "2025-10-10T13:35:32Z",
      "resolved": "github:NixOS/nixpkgs/870493f9a8cb0b074ae5b411b2f232015db19a65#awscli2",
      "source": "devbox-search",
      "version": "2.31.11",
      "systems": {
        "aarch64-darwin": {
          "outputs": [
            {
              "name": "out",
              "path": "/nix/store/s3zpxj9jghslnb8gj8wc92xk63zibp15-awscli2-2.31.11",
              "default": true
            },
            {
              "name": "dist",
              "path": "/nix/store/9ch11wlbdmi418p4f2rmds5ds5jfz0d5-awscli2-2.31.11-dist"
            }
          ],
          "store_path": "/nix/store/s3zpxj9jghslnb8gj8wc92xk63zibp15-awscli2-2.31.11"
        },
        "aarch64-linux": {
          "outputs": [
            {
              "name": "out",
              "path": "/nix/store/3mb3aariwhxay0yhwg8f4d8y7nfmm607-awscli2-2.31.11",
              "default": true
            },
            {
              "name": "dist",
              "path": "/nix/store/y3y7lyhc6wwbyqddrirp1jzha36j70wr-awscli2-2.31.11-dist"
            }
          ],
          "store_path": "/nix/store/3mb3aariwhxay0yhwg8f4d8y7nfmm607-awscli2-2.31.11"
        },
        "x86_64-darwin": {
          "outputs": [
            {
              "name": "out",
              "path": "/nix/store/xnxpskvyhn3yd6bp3l6m615v1qxqfhsf-awscli2-2.31.11",
              "default": true
            },
            {
              "name": "dist",
              "path": "/nix/store/d5v64a51fy097822p9971xkgxyffaa34-awscli2-2.31.11-dist"
            }
          ],
          "store_path": "/nix/store/xnxpskvyhn3yd6bp3l6m615v1qxqfhsf-awscli2-2.31.11"
        },
        "x86_64-linux": {
          "outputs": [
            {
              "name": "out",
              "path": "/nix/store/6gm80073h4id6knkh3j23jm7qhr029lb-awscli2-2.31.11",
              "default": true
            },
            {
              "name": "dist",
              "path": "/nix/store/z56vymjzsn57hjldwigfpjmxc5mrv07i-awscli2-2.31.11-dist"
            }
          ],
          "store_path": "/nix/store/6gm80073h4id6knkh3j23jm7qhr029lb-awscli2-2.31.11"
        }
      }
    },
    "azure-cli@2.79.0": {
      "last_modified": "2025-11-12T10:38:40Z",
      "resolved": "github:NixOS/nixpkgs/91c9a64ce2a84e648d0cf9671274bb9c2fb9ba60#azure-cli",
      "source": "devbox-search",
      "version": "2.79.0",
      "systems": {
        "aarch64-darwin": {
          "outputs": [
            {
              "name": "out",
              "path": "/nix/store/n71rncg2gz2v4m98k0cpg8xlanrm83fh-python3.13-azure-cli-2.79.0",
              "default": true
            },
            {
              "name": "dist",
              "path": "/nix/store/6hnkc4rq7q3z8ybz9874blzhjx5741zc-python3.13-azure-cli-2.79.0-dist"
            }
          ],
          "store_path": "/nix/store/n71rncg2gz2v4m98k0cpg8xlanrm83fh-python3.13-azure-cli-2.79.0"
        },
        "aarch64-linux": {
          "outputs": [
            {
              "name": "out",
              "path": "/nix/store/jwdfn35blfvl3bl3vxqsk4gy16k2454w-python3.13-azure-cli-2.79.0",
              "default": true
            },
            {
              "name": "dist",
              "path": "/nix/store/p7sdlxmbk7d6c5n2nddqc72h2zck6gfn-python3.13-azure-cli-2.79.0-dist"
            }
          ],
          "store_path": "/nix/store/jwdfn35blfvl3bl3vxqsk4gy16k2454w-python3.13-azure-cli-2.79.0"
        },
        "x86_64-darwin": {
          "outputs": [
            {
              "name": "out",
              "path": "/nix/store/6ik0djdln0l3h9n7wh0g8nwb6za1kw9x-python3.13-azure-cli-2.79.0",
              "default": true
            },
            {
              "name": "dist",
              "path": "/nix/store/kxpg07pmlqvvf7q31sy6b5advbywnmfp-python3.13-azure-cli-2.79.0-dist"
            }
          ],
          "store_path": "/nix/store/6ik0djdln0l3h9n7wh0g8nwb6za1kw9x-python3.13-azure-cli-2.79.0"
        },
        "x86_64-linux": {
          "outputs": [
            {
              "name": "out",
              "path": "/nix/store/iv3kywsi0i6j7l7fnpxkmv83wzx88n06-python3.13-azure-cli-2.79.0",
              "default": true
            },
            {
              "name": "dist",
              "path": "/nix/store/lxkzx8jdgfp45z61b625n7f0mxwgl9fx-python3.13-azure-cli-2.79.0-dist"
            }
          ],
          "store_path": "/nix/store/iv3kywsi0i6j7l7fnpxkmv83wzx88n06-python3.13-azure-cli-2.79.0"
        }
      }
    },
    "eksctl@0.217.0": {
      "last_modified": "2025-11-12T10:38:40Z",
      "resolved": "github:NixOS/nixpkgs/91c9a64ce2a84e648d0cf9671274bb9c2fb9ba60#eksctl",
      "source": "devbox-search",
      "version": "0.217.0",
      "systems": {
        "aarch64-darwin": {
          "outputs": [
            {
              "name": "out",
              "path": "/nix/store/7sqa268p9y4iy6ysq5hq637yfjmri4sr-eksctl-0.217.0",
              "default": true
            }
          ],
          "store_path": "/nix/store/7sqa268p9y4iy6ysq5hq637yfjmri4sr-eksctl-0.217.0"
        },
        "aarch64-linux": {
          "outputs": [
            {
              "name": "out",
              "path": "/nix/store/pwbfpd6ha63pdhsr6dzs6w3j7lsvrpr7-eksctl-0.217.0",
              "default": true
            }
          ],
          "store_path": "/nix/store/pwbfpd6ha63pdhsr6dzs6w3j7lsvrpr7-eksctl-0.217.0"
        },
        "x86_64-darwin": {
          "outputs": [
            {
              "name": "out",
              "path": "/nix/store/9ih62j3ls60nzshmqmw6mz0vsm7mq07d-eksctl-0.217.0",
              "default": true
            }
          ],
          "store_path": "/nix/store/9ih62j3ls60nzshmqmw6mz0vsm7mq07d-eksctl-0.217.0"
        },
        "x86_64-linux": {
          "outputs": [
            {
              "name": "out",
              "path": "/nix/store/za0ql7fdhv9igv3l2kzh7ax9gkxfwxmx-eksctl-0.217.0",
              "default": true
            }
          ],
          "store_path": "/nix/store/za0ql7fdhv9igv3l2kzh7ax9gkxfwxmx-eksctl-0.217.0"
        }
      }
    },
    "git@2.51.2": {
      "last_modified": "2025-11-15T07:28:48Z",
      "resolved": "github:NixOS/nixpkgs/1d4c88323ac36805d09657d13a5273aea1b34f0c#git",
      "source": "devbox-search",
      "version": "2.51.2",
      "systems": {
        "aarch64-darwin": {
          "outputs": [
            {
              "name": "out",
              "path": "/nix/store/k2vlwnvjcmnig77p65zipibvvim8rxq7-git-2.51.2",
              "default": true
            },
            {
              "name": "doc",
              "path": "/nix/store/6x44hx2f6g1y1viiaian2bvypb8djq39-git-2.51.2-doc"
            }
          ],
          "store_path": "/nix/store/k2vlwnvjcmnig77p65zipibvvim8rxq7-git-2.51.2"
        },
        "aarch64-linux": {
          "outputs": [
            {
              "name": "out",
              "path": "/nix/store/55j9qicj9fghz8yk3xsn2y9ab5mj4jdr-git-2.51.2",
              "default": true
            },
            {
              "name": "debug",
              "path": "/nix/store/vspa1pprrnj7xz3bhqayzih5mi7vhvvh-git-2.51.2-debug"
            },
            {
              "name": "doc",
              "path": "/nix/store/6zdv508cvrgfsnvvv5003ivsfcqngfvs-git-2.51.2-doc"
            }
          ],
          "store_path": "/nix/store/55j9qicj9fghz8yk3xsn2y9ab5mj4jdr-git-2.51.2"
        },
        "x86_64-darwin": {
          "outputs": [
            {
              "name": "out",
              "path": "/nix/store/sz4zzn7y6gal019wmqzxvcxc97wkgp9n-git-2.51.2",
              "default": true
            },
            {
              "name": "doc",
              "path": "/nix/store/np4lannd0w8jpagqw7mry4gklr903s2n-git-2.51.2-doc"
            }
          ],
          "store_path": "/nix/store/sz4zzn7y6gal019wmqzxvcxc97wkgp9n-git-2.51.2"
        },
        "x86_64-linux": {
          "outputs": [
            {
              "name": "out",
              "path": "/nix/store/q6jjgnyivwx7r4wynsi6g36k6srfy7mk-git-2.51.2",
              "default": true
            },
            {
              "name": "debug",
              "path": "/nix/store/f6zjr2bcd31qpvj4d4qsvqhfnnyc1kaz-git-2.51.2-debug"
            },
            {
              "name": "doc",
              "path": "/nix/store/9bir646idszbrn3j3wz98xq4m0kvzgrp-git-2.51.2-doc"
            }
          ],
          "store_path": "/nix/store/q6jjgnyivwx7r4wynsi6g36k6srfy7mk-git-2.51.2"
        }
      }
    },
    "github:NixOS/nixpkgs/nixpkgs-unstable": {
      "resolved": "github:NixOS/nixpkgs/5d9b5431f967007b3952c057fc92af49a4c5f3b2?lastModified=1742169275&narHash=sha256-nkH2Edu9rClcsQp2PYBe8E6fp8LDPi2uDBQ6wyMdeXI%3D"
    },
    "jq@1.8.1": {
      "last_modified": "2025-07-15T16:15:05Z",
      "resolved": "github:NixOS/nixpkgs/dab3a6e781554f965bde3def0aa2fda4eb8f1708#jq",
      "source": "devbox-search",
      "version": "1.8.1",
      "systems": {
        "aarch64-darwin": {
          "outputs": [
            {
              "name": "bin",
              "path": "/nix/store/9g64fqz8v74v5ixgalm8a074jp754423-jq-1.8.1-bin",
              "default": true
            },
            {
              "name": "man",
              "path": "/nix/store/d6h860ssnqqm5pb18k7cha953j8v41rp-jq-1.8.1-man",
              "default": true
            },
            {
              "name": "out",
              "path": "/nix/store/5g1fsdjybk63bvnradhy861cv1j0zvbj-jq-1.8.1"
            },
            {
              "name": "dev",
              "path": "/nix/store/97sbzpy66rngcyzdx2xnwc58fd4xanz2-jq-1.8.1-dev"
            },
            {
              "name": "doc",
              "path": "/nix/store/2hc8qfk7rp04hafsr260dri1bd6ywvgc-jq-1.8.1-doc"
            }
          ],
          "store_path": "/nix/store/9g64fqz8v74v5ixgalm8a074jp754423-jq-1.8.1-bin"
        },
        "aarch64-linux": {
          "outputs": [
            {
              "name": "bin",
              "path": "/nix/store/l5rpi6yjzh77xr06zw3npj5b4wh8nd2r-jq-1.8.1-bin",
              "default": true
            },
            {
              "name": "man",
              "path": "/nix/store/df5cp877l2zda5hzs5aaj57nsb630mqj-jq-1.8.1-man",
              "default": true
            },
            {
              "name": "out",
              "path": "/nix/store/ywm87lf11xxj4qbc26sm466cy2krazhf-jq-1.8.1"
            },
            {
              "name": "dev",
              "path": "/nix/store/lxkdipbc6lnyjfaxc8993p0f3awzaxv7-jq-1.8.1-dev"
            },
            {
              "name": "doc",
              "path": "/nix/store/1lln8d94np1gvpa4xd3a7s70hpxcrjja-jq-1.8.1-doc"
            }
          ],
          "store_path": "/nix/store/l5rpi6yjzh77xr06zw3npj5b4wh8nd2r-jq-1.8.1-bin"
        },
        "x86_64-darwin": {
          "outputs": [
            {
              "name": "bin",
              "path": "/nix/store/97l9ssj90sn8aaggnqn2ds8jbwxbjkmv-jq-1.8.1-bin",
              "default": true
            },
            {
              "name": "man",
              "path": "/nix/store/mm9hiakwqhmqrc0ajdwy9pld482a5xh6-jq-1.8.1-man",
              "default": true
            },
            {
              "name": "dev",
              "path": "/nix/store/cbmrkzdp2rv163jj3m5415609jcg07qa-jq-1.8.1-dev"
            },
            {
              "name": "doc",
              "path": "/nix/store/z2cnrn59may5ngxgydjrhnsam4cl2chg-jq-1.8.1-doc"
            },
            {
              "name": "out",
              "path": "/nix/store/nvj03nflpfrpmza7cnnlyshvsnpa8hxc-jq-1.8.1"
            }
          ],
          "store_path": "/nix/store/97l9ssj90sn8aaggnqn2ds8jbwxbjkmv-jq-1.8.1-bin"
        },
        "x86_64-linux": {
          "outputs": [
            {
              "name": "bin",
              "path": "/nix/store/ddvkwrb70cx04g7a42rlg6ka1j819kv4-jq-1.8.1-bin",
              "default": true
            },
            {
              "name": "man",
              "path": "/nix/store/mkpcj600czkqcr542ysi8pzssadl4yrc-jq-1.8.1-man",
              "default": true
            },
            {
              "name": "dev",
              "path": "/nix/store/x0kva02y0iyh7l0qvnx3l8ci7ll1r5si-jq-1.8.1-dev"
            },
            {
              "name": "doc",
              "path": "/nix/store/fc6m4lbv9g4j1hfrx2yip2w83b4pjf42-jq-1.8.1-doc"
            },
            {
              "name": "out",
              "path": "/nix/store/zrv91dsf75ixqjym4syy0f6g87wrziw7-jq-1.8.1"
            }
          ],
          "store_path": "/nix/store/ddvkwrb70cx04g7a42rlg6ka1j819kv4-jq-1.8.1-bin"
        }
      }
    },
    "kcl@0.11.4": {
      "last_modified": "2025-11-04T19:54:02Z",
      "resolved": "github:NixOS/nixpkgs/12c1f0253aa9a54fdf8ec8aecaafada64a111e24#kcl",
      "source": "devbox-search",
      "version": "0.11.4",
      "systems": {
        "aarch64-darwin": {
          "outputs": [
            {
              "name": "out",
              "path": "/nix/store/6q4l6r42a30g21p8xkh8xvbdl8afpp4w-kcl-0.11.4",
              "default": true
            }
          ],
          "store_path": "/nix/store/6q4l6r42a30g21p8xkh8xvbdl8afpp4w-kcl-0.11.4"
        },
        "aarch64-linux": {
          "outputs": [
            {
              "name": "out",
              "path": "/nix/store/7s257dyb4jwywjwjlbm58naccr0nzlyv-kcl-0.11.4",
              "default": true
            }
          ],
          "store_path": "/nix/store/7s257dyb4jwywjwjlbm58naccr0nzlyv-kcl-0.11.4"
        },
        "x86_64-darwin": {
          "outputs": [
            {
              "name": "out",
              "path": "/nix/store/lgmjz6liqxcbjxdfhsg93ra2yjjzp13x-kcl-0.11.4",
              "default": true
            }
          ],
          "store_path": "/nix/store/lgmjz6liqxcbjxdfhsg93ra2yjjzp13x-kcl-0.11.4"
        },
        "x86_64-linux": {
          "outputs": [
            {
              "name": "out",
              "path": "/nix/store/aq49x99c8gd5nd7zwmp6fjinacfmaqa5-kcl-0.11.4",
              "default": true
            }
          ],
          "store_path": "/nix/store/aq49x99c8gd5nd7zwmp6fjinacfmaqa5-kcl-0.11.4"
        }
      }
    },
    "kind@0.30.0": {
      "last_modified": "2025-09-18T16:33:27Z",
      "resolved": "github:NixOS/nixpkgs/f4b140d5b253f5e2a1ff4e5506edbf8267724bde#kind",
      "source": "devbox-search",
      "version": "0.30.0",
      "systems": {
        "aarch64-darwin": {
          "outputs": [
            {
              "name": "out",
              "path": "/nix/store/f1zv1knf82xycmg383rgmyp83h61hnin-kind-0.30.0",
              "default": true
            }
          ],
          "store_path": "/nix/store/f1zv1knf82xycmg383rgmyp83h61hnin-kind-0.30.0"
        },
        "aarch64-linux": {
          "outputs": [
            {
              "name": "out",
              "path": "/nix/store/y6nb7p504s22yc5crh6mxqnxcvl2wbah-kind-0.30.0",
              "default": true
            }
          ],
          "store_path": "/nix/store/y6nb7p504s22yc5crh6mxqnxcvl2wbah-kind-0.30.0"
        },
        "x86_64-darwin": {
          "outputs": [
            {
              "name": "out",
              "path": "/nix/store/1hi5hxjdklrmjrvi9j142h1aakr458ia-kind-0.30.0",
              "default": true
            }
          ],
          "store_path": "/nix/store/1hi5hxjdklrmjrvi9j142h1aakr458ia-kind-0.30.0"
        },
        "x86_64-linux": {
          "outputs": [
            {
              "name": "out",
              "path": "/nix/store/myld9sswhrl252bjrr60nl2ls9338vf3-kind-0.30.0",
              "default": true
            }
          ],
          "store_path": "/nix/store/myld9sswhrl252bjrr60nl2ls9338vf3-kind-0.30.0"
        }
      }
    },
    "kubectl@1.34.1": {
      "last_modified": "2025-10-07T08:41:47Z",
      "resolved": "github:NixOS/nixpkgs/bce5fe2bb998488d8e7e7856315f90496723793c#kubectl",
      "source": "devbox-search",
      "version": "1.34.1",
      "systems": {
        "aarch64-darwin": {
          "outputs": [
            {
              "name": "out",
              "path": "/nix/store/2ih54prydy1k2s0zsjhkplk8sgcj95kc-kubectl-1.34.1",
              "default": true
            },
            {
              "name": "man",
              "path": "/nix/store/3rvrkr29q5rsb9scrxaw7bnxqplj8lzc-kubectl-1.34.1-man",
              "default": true
            },
            {
              "name": "convert",
              "path": "/nix/store/3xinznz678q5layrhy76q8chl9g7q0m6-kubectl-1.34.1-convert"
            }
          ],
          "store_path": "/nix/store/2ih54prydy1k2s0zsjhkplk8sgcj95kc-kubectl-1.34.1"
        },
        "aarch64-linux": {
          "outputs": [
            {
              "name": "out",
              "path": "/nix/store/kwyzcnrnmp32rh8yamhckddjnsyb7wv8-kubectl-1.34.1",
              "default": true
            },
            {
              "name": "man",
              "path": "/nix/store/1lib1cii7f7ks82bgq3shf3pa4bvfwlw-kubectl-1.34.1-man",
              "default": true
            },
            {
              "name": "convert",
              "path": "/nix/store/b2i2xpyf726nvf0wznanvk9wx4kyhxn0-kubectl-1.34.1-convert"
            }
          ],
          "store_path": "/nix/store/kwyzcnrnmp32rh8yamhckddjnsyb7wv8-kubectl-1.34.1"
        },
        "x86_64-darwin": {
          "outputs": [
            {
              "name": "out",
              "path": "/nix/store/nsldgqqryn057z8356yip0lxnhhn7azy-kubectl-1.34.1",
              "default": true
            },
            {
              "name": "man",
              "path": "/nix/store/97ky0g57awcjskva2zyyczqvg5ab9iq4-kubectl-1.34.1-man",
              "default": true
            },
            {
              "name": "convert",
              "path": "/nix/store/wwy8yalmwwz6m2rjc2fasdihc83gh9kv-kubectl-1.34.1-convert"
            }
          ],
          "store_path": "/nix/store/nsldgqqryn057z8356yip0lxnhhn7azy-kubectl-1.34.1"
        },
        "x86_64-linux": {
          "outputs": [
            {
              "name": "out",
              "path": "/nix/store/5fs5bi2b03j7b1s05h317iszhm8q23x7-kubectl-1.34.1",
              "default": true
            },
            {
              "name": "man",
              "path": "/nix/store/zsl5hlc1rgy52ljdkl0f5vfcp4vfs9gr-kubectl-1.34.1-man",
              "default": true
            },
            {
              "name": "convert",
              "path": "/nix/store/0xapfmzqh1lwmm7xkwca43k5pr65p32b-kubectl-1.34.1-convert"
            }
          ],
          "store_path": "/nix/store/5fs5bi2b03j7b1s05h317iszhm8q23x7-kubectl-1.34.1"
        }
      }
    },
    "kubernetes-helm@3.19.1": {
      "last_modified": "2025-11-12T10:38:40Z",
      "resolved": "github:NixOS/nixpkgs/91c9a64ce2a84e648d0cf9671274bb9c2fb9ba60#kubernetes-helm",
      "source": "devbox-search",
      "version": "3.19.1",
      "systems": {
        "aarch64-darwin": {
          "outputs": [
            {
              "name": "out",
              "path": "/nix/store/8f0v5dmnpisnzq9n76wbnps5vf85r9sk-kubernetes-helm-3.19.1",
              "default": true
            }
          ],
          "store_path": "/nix/store/8f0v5dmnpisnzq9n76wbnps5vf85r9sk-kubernetes-helm-3.19.1"
        },
        "aarch64-linux": {
          "outputs": [
            {
              "name": "out",
              "path": "/nix/store/ybvbgnswylr7799vmgxiarj1p70wfzbd-kubernetes-helm-3.19.1",
              "default": true
            }
          ],
          "store_path": "/nix/store/ybvbgnswylr7799vmgxiarj1p70wfzbd-kubernetes-helm-3.19.1"
        },
        "x86_64-darwin": {
          "outputs": [
            {
              "name": "out",
              "path": "/nix/store/64rb8xfaly932pnjwq61x8ql4kx6mfw0-kubernetes-helm-3.19.1",
              "default": true
            }
          ],
          "store_path": "/nix/store/64rb8xfaly932pnjwq61x8ql4kx6mfw0-kubernetes-helm-3.19.1"
        },
        "x86_64-linux": {
          "outputs": [
            {
              "name": "out",
              "path": "/nix/store/iqnqxm017nzqcxqlwmrp9qg9gjvir264-kubernetes-helm-3.19.1",
              "default": true
            }
          ],
          "store_path": "/nix/store/iqnqxm017nzqcxqlwmrp9qg9gjvir264-kubernetes-helm-3.19.1"
        }
      }
    },
    "kyverno-chainsaw@0.2.13": {
      "last_modified": "2025-10-07T08:41:47Z",
      "resolved": "github:NixOS/nixpkgs/bce5fe2bb998488d8e7e7856315f90496723793c#kyverno-chainsaw",
      "source": "devbox-search",
      "version": "0.2.13",
      "systems": {
        "aarch64-darwin": {
          "outputs": [
            {
              "name": "out",
              "path": "/nix/store/8f3lh76sgdxaijwpij6csm5p5n15jwp4-kyverno-chainsaw-0.2.13",
              "default": true
            }
          ],
          "store_path": "/nix/store/8f3lh76sgdxaijwpij6csm5p5n15jwp4-kyverno-chainsaw-0.2.13"
        },
        "aarch64-linux": {
          "outputs": [
            {
              "name": "out",
              "path": "/nix/store/pmipjv8ag7za6990n3zg5d0phv6vjq21-kyverno-chainsaw-0.2.13",
              "default": true
            }
          ],
          "store_path": "/nix/store/pmipjv8ag7za6990n3zg5d0phv6vjq21-kyverno-chainsaw-0.2.13"
        },
        "x86_64-darwin": {
          "outputs": [
            {
              "name": "out",
              "path": "/nix/store/g26fh3ablgqmpr0pvqr32n9dhmdbh9qc-kyverno-chainsaw-0.2.13",
              "default": true
            }
          ],
          "store_path": "/nix/store/g26fh3ablgqmpr0pvqr32n9dhmdbh9qc-kyverno-chainsaw-0.2.13"
        },
        "x86_64-linux": {
          "outputs": [
            {
              "name": "out",
              "path": "/nix/store/6q72s82a56bxlkq2dwddpmamr31jb0lq-kyverno-chainsaw-0.2.13",
              "default": true
            }
          ],
          "store_path": "/nix/store/6q72s82a56bxlkq2dwddpmamr31jb0lq-kyverno-chainsaw-0.2.13"
        }
      }
    },
    "nushell@0.108.0": {
      "last_modified": "2025-10-22T20:59:19Z",
      "resolved": "github:NixOS/nixpkgs/01b6809f7f9d1183a2b3e081f0a1e6f8f415cb09#nushell",
      "source": "devbox-search",
      "version": "0.108.0",
      "systems": {
        "aarch64-darwin": {
          "outputs": [
            {
              "name": "out",
              "path": "/nix/store/n84zl1qq2xgna9x7n0q5fqyx8fhwnn31-nushell-0.108.0",
              "default": true
            }
          ],
          "store_path": "/nix/store/n84zl1qq2xgna9x7n0q5fqyx8fhwnn31-nushell-0.108.0"
        },
        "aarch64-linux": {
          "outputs": [
            {
              "name": "out",
              "path": "/nix/store/v59h8j5xglqk1d1ncs6963g8682dcwhw-nushell-0.108.0",
              "default": true
            }
          ],
          "store_path": "/nix/store/v59h8j5xglqk1d1ncs6963g8682dcwhw-nushell-0.108.0"
        },
        "x86_64-darwin": {
          "outputs": [
            {
              "name": "out",
              "path": "/nix/store/gfrw1pp7pi1avj6qc0x04ahfs8x1jxvi-nushell-0.108.0",
              "default": true
            }
          ],
          "store_path": "/nix/store/gfrw1pp7pi1avj6qc0x04ahfs8x1jxvi-nushell-0.108.0"
        },
        "x86_64-linux": {
          "outputs": [
            {
              "name": "out",
              "path": "/nix/store/kkzh25za3liv6k8k54vk1w0k23xnjrx1-nushell-0.108.0",
              "default": true
            }
          ],
          "store_path": "/nix/store/kkzh25za3liv6k8k54vk1w0k23xnjrx1-nushell-0.108.0"
        }
      }
    },
    "ripgrep@15.1.0": {
      "last_modified": "2025-10-23T16:27:14Z",
      "resolved": "github:NixOS/nixpkgs/d5faa84122bc0a1fd5d378492efce4e289f8eac1#ripgrep",
      "source": "devbox-search",
      "version": "15.1.0",
      "systems": {
        "aarch64-darwin": {
          "outputs": [
            {
              "name": "out",
              "path": "/nix/store/jcwmx5x3ka5f7hpndgnlzjcp6qk51xn1-ripgrep-15.1.0",
              "default": true
            }
          ],
          "store_path": "/nix/store/jcwmx5x3ka5f7hpndgnlzjcp6qk51xn1-ripgrep-15.1.0"
        },
        "aarch64-linux": {
          "outputs": [
            {
              "name": "out",
              "path": "/nix/store/gn32hnvx3mlr4r17rvcp4hawfbldid8w-ripgrep-15.1.0",
              "default": true
            }
          ],
          "store_path": "/nix/store/gn32hnvx3mlr4r17rvcp4hawfbldid8w-ripgrep-15.1.0"
        },
        "x86_64-darwin": {
          "outputs": [
            {
              "name": "out",
              "path": "/nix/store/gjbppcg5iy089aqhr72b94wfqx3la47x-ripgrep-15.1.0",
              "default": true
            }
          ],
          "store_path": "/nix/store/gjbppcg5iy089aqhr72b94wfqx3la47x-ripgrep-15.1.0"
        },
        "x86_64-linux": {
          "outputs": [
            {
              "name": "out",
              "path": "/nix/store/3gn1hlciymm7yw3kvkvss2ixvczms3w6-ripgrep-15.1.0",
              "default": true
            }
          ],
          "store_path": "/nix/store/3gn1hlciymm7yw3kvkvss2ixvczms3w6-ripgrep-15.1.0"
        }
      }
    },
    "teller@2.0.7": {
      "last_modified": "2025-03-03T13:00:40Z",
      "resolved": "github:NixOS/nixpkgs/95eacfb6d1accf8d59a9e570d26d04ad693d2ec3#teller",
      "source": "devbox-search",
      "version": "2.0.7",
      "systems": {
        "aarch64-darwin": {
          "outputs": [
            {
              "name": "out",
              "path": "/nix/store/z3wx9vwzjvbhy8dqp6b35qnl7rkml60w-teller-2.0.7",
              "default": true
            }
          ],
          "store_path": "/nix/store/z3wx9vwzjvbhy8dqp6b35qnl7rkml60w-teller-2.0.7"
        },
        "aarch64-linux": {
          "outputs": [
            {
              "name": "out",
              "path": "/nix/store/dznh4xq7xipf4l53g3k05smbryhnvbql-teller-2.0.7",
              "default": true
            }
          ],
          "store_path": "/nix/store/dznh4xq7xipf4l53g3k05smbryhnvbql-teller-2.0.7"
        },
        "x86_64-darwin": {
          "outputs": [
            {
              "name": "out",
              "path": "/nix/store/wvgn1025ypdxn0j0c48kl00msvp08j31-teller-2.0.7",
              "default": true
            }
          ],
          "store_path": "/nix/store/wvgn1025ypdxn0j0c48kl00msvp08j31-teller-2.0.7"
        },
        "x86_64-linux": {
          "outputs": [
            {
              "name": "out",
              "path": "/nix/store/9ssz9ywlwr182cf2x5sa2kicjsrgq7nw-teller-2.0.7",
              "default": true
            }
          ],
          "store_path": "/nix/store/9ssz9ywlwr182cf2x5sa2kicjsrgq7nw-teller-2.0.7"
        }
      }
    },
    "upcloud-cli@3.24.1": {
      "last_modified": "2025-10-26T01:09:48Z",
      "resolved": "github:NixOS/nixpkgs/de69d2ba6c70e747320df9c096523b623d3a4c35#upcloud-cli",
      "source": "devbox-search",
      "version": "3.24.1",
      "systems": {
        "aarch64-darwin": {
          "outputs": [
            {
              "name": "out",
              "path": "/nix/store/irvvp3sl0zp58c8ayxgy5fh5anq6mgvi-upcloud-cli-3.24.1",
              "default": true
            }
          ],
          "store_path": "/nix/store/irvvp3sl0zp58c8ayxgy5fh5anq6mgvi-upcloud-cli-3.24.1"
        },
        "aarch64-linux": {
          "outputs": [
            {
              "name": "out",
              "path": "/nix/store/f5fgyg83dyr25b2msamv004pm966bqha-upcloud-cli-3.24.1",
              "default": true
            }
          ],
          "store_path": "/nix/store/f5fgyg83dyr25b2msamv004pm966bqha-upcloud-cli-3.24.1"
        },
        "x86_64-darwin": {
          "outputs": [
            {
              "name": "out",
              "path": "/nix/store/nkafla52nrszmwix835kc330h0qvfikn-upcloud-cli-3.24.1",
              "default": true
            }
          ],
          "store_path": "/nix/store/nkafla52nrszmwix835kc330h0qvfikn-upcloud-cli-3.24.1"
        },
        "x86_64-linux": {
          "outputs": [
            {
              "name": "out",
              "path": "/nix/store/a7cn5h8a4n0x9fq9y2pbbybn1krcaikf-upcloud-cli-3.24.1",
              "default": true
            }
          ],
          "store_path": "/nix/store/a7cn5h8a4n0x9fq9y2pbbybn1krcaikf-upcloud-cli-3.24.1"
        }
      }
    },
    "viddy@1.3.0": {
      "last_modified": "2025-03-11T17:52:14Z",
      "resolved": "github:NixOS/nixpkgs/0d534853a55b5d02a4ababa1d71921ce8f0aee4c#viddy",
      "source": "devbox-search",
      "version": "1.3.0",
      "systems": {
        "aarch64-darwin": {
          "outputs": [
            {
              "name": "out",
              "path": "/nix/store/nyp0c9006schk07pz15j9p9zrrinzr5i-viddy-1.3.0",
              "default": true
            }
          ],
          "store_path": "/nix/store/nyp0c9006schk07pz15j9p9zrrinzr5i-viddy-1.3.0"
        },
        "aarch64-linux": {
          "outputs": [
            {
              "name": "out",
              "path": "/nix/store/35mbdww7xfjk2vimjk9zrvhr2b99801r-viddy-1.3.0",
              "default": true
            }
          ],
          "store_path": "/nix/store/35mbdww7xfjk2vimjk9zrvhr2b99801r-viddy-1.3.0"
        },
        "x86_64-darwin": {
          "outputs": [
            {
              "name": "out",
              "path": "/nix/store/hdm0lmxq1jrhifb72shn9kxipl59mq7z-viddy-1.3.0",
              "default": true
            }
          ],
          "store_path": "/nix/store/hdm0lmxq1jrhifb72shn9kxipl59mq7z-viddy-1.3.0"
        },
        "x86_64-linux": {
          "outputs": [
            {
              "name": "out",
              "path": "/nix/store/zb3yflig1qirykjf9901589hhh3r22lw-viddy-1.3.0",
              "default": true
            }
          ],
          "store_path": "/nix/store/zb3yflig1qirykjf9901589hhh3r22lw-viddy-1.3.0"
        }
      }
    },
    "watchexec@2.3.2": {
      "last_modified": "2025-06-05T08:10:37Z",
      "resolved": "github:NixOS/nixpkgs/ec62ae342c340d24289735e31eb9155261cd5fe7#watchexec",
      "source": "devbox-search",
      "version": "2.3.2",
      "systems": {
        "aarch64-darwin": {
          "outputs": [
            {
              "name": "out",
              "path": "/nix/store/h00xs711s683frk7ahjm96mxdh0vimhl-watchexec-2.3.2",
              "default": true
            }
          ],
          "store_path": "/nix/store/h00xs711s683frk7ahjm96mxdh0vimhl-watchexec-2.3.2"
        },
        "aarch64-linux": {
          "outputs": [
            {
              "name": "out",
              "path": "/nix/store/jfqwdpv61lyncc5976pjgl352gx8ymdm-watchexec-2.3.2",
              "default": true
            }
          ],
          "store_path": "/nix/store/jfqwdpv61lyncc5976pjgl352gx8ymdm-watchexec-2.3.2"
        },
        "x86_64-darwin": {
          "outputs": [
            {
              "name": "out",
              "path": "/nix/store/lhas1n4ilv4vmhfmk57x47wnvkw538fq-watchexec-2.3.2",
              "default": true
            }
          ],
          "store_path": "/nix/store/lhas1n4ilv4vmhfmk57x47wnvkw538fq-watchexec-2.3.2"
        },
        "x86_64-linux": {
          "outputs": [
            {
              "name": "out",
              "path": "/nix/store/6k8983fxhjidg0154wjcsc6p5hala7vv-watchexec-2.3.2",
              "default": true
            }
          ],
          "store_path": "/nix/store/6k8983fxhjidg0154wjcsc6p5hala7vv-watchexec-2.3.2"
        }
      }
    },
    "yq-go@4.48.2": {
      "last_modified": "2025-11-16T17:00:02Z",
      "resolved": "github:NixOS/nixpkgs/85a6c4a07faa12aaccd81b36ba9bfc2bec974fa1#yq-go",
      "source": "devbox-search",
      "version": "4.48.2",
      "systems": {
        "aarch64-darwin": {
          "outputs": [
            {
              "name": "out",
              "path": "/nix/store/n1vvgbf7qns1g4ahxcc6ha0875p8v964-yq-go-4.48.2",
              "default": true
            }
          ],
          "store_path": "/nix/store/n1vvgbf7qns1g4ahxcc6ha0875p8v964-yq-go-4.48.2"
        },
        "aarch64-linux": {
          "outputs": [
            {
              "name": "out",
              "path": "/nix/store/ghcn60fpwdi1p7f9sc2ckk47wqs9f3kj-yq-go-4.48.2",
              "default": true
            }
          ],
          "store_path": "/nix/store/ghcn60fpwdi1p7f9sc2ckk47wqs9f3kj-yq-go-4.48.2"
        },
        "x86_64-darwin": {
          "outputs": [
            {
              "name": "out",
              "path": "/nix/store/z3a9lyjrndq71ixy920mambq249474g3-yq-go-4.48.2",
              "default": true
            }
          ],
          "store_path": "/nix/store/z3a9lyjrndq71ixy920mambq249474g3-yq-go-4.48.2"
        },
        "x86_64-linux": {
          "outputs": [
            {
              "name": "out",
              "path": "/nix/store/bksf990a8idvszldcfpjalwmnsdir3xi-yq-go-4.48.2",
              "default": true
            }
          ],
          "store_path": "/nix/store/bksf990a8idvszldcfpjalwmnsdir3xi-yq-go-4.48.2"
        }
      }
    }
  }
}
